
Microsoft Visual Studio Solution File, Format Version 12.00
# Visual Studio Version 17
VisualStudioVersion = 17.7.34031.279
MinimumVisualStudioVersion = 10.0.40219.1
Project("{FAE04EC0-301F-11D3-BF4B-00C04F79EFBC}") = "C# Starting", "C# Starting\C# Starting.csproj", "{60F424B3-AB97-49A8-BD96-CB599FD54B51}"
EndProject
Project("{FAE04EC0-301F-11D3-BF4B-00C04F79EFBC}") = "Type Conversion", "Type Conversion\Type Conversion.csproj", "{C39B5019-E3FF-44BB-AF93-3DD9CF606920}"
EndProject
Project("{FAE04EC0-301F-11D3-BF4B-00C04F79EFBC}") = "You ok", "You ok\You ok.csproj", "{8A5BCD7B-747E-4AFB-948A-0A90D7A72530}"
EndProject
Project("{FAE04EC0-301F-11D3-BF4B-00C04F79EFBC}") = "Bip Sound", "Bip Sound\Bip Sound.csproj", "{75323135-B359-4257-98D0-C86DC1CBB2A4}"
EndProject
Project("{FAE04EC0-301F-11D3-BF4B-00C04F79EFBC}") = "Age Question", "Age Question\Age Question.csproj", "{0EC1998F-5EED-41B8-8000-E57FC42EFBA7}"
EndProject
Project("{FAE04EC0-301F-11D3-BF4B-00C04F79EFBC}") = "Discount", "Discount\Discount.csproj", "{447A3AB5-B3EA-41F9-A58F-12B428C2B289}"
EndProject
Project("{FAE04EC0-301F-11D3-BF4B-00C04F79EFBC}") = "Security", "Security\Security.csproj", "{79CC9AC5-6622-432E-9FF4-743F6F6A83A3}"
EndProject
Project("{FAE04EC0-301F-11D3-BF4B-00C04F79EFBC}") = "Program", "Program\Program.csproj", "{8358E850-1435-4056-A990-22A5BB7C619D}"
EndProject
Project("{FAE04EC0-301F-11D3-BF4B-00C04F79EFBC}") = "Milisaniyeden_Saniyeye", "Milisaniyeden_Saniyeye\Milisaniyeden_Saniyeye.csproj", "{DEF14F21-7983-4A15-917E-9246ACDA1FA6}"
EndProject
Project("{FAE04EC0-301F-11D3-BF4B-00C04F79EFBC}") = "Yıl_Gün_Ayy", "Yıl_Gün_Ayy\Yıl_Gün_Ayy.csproj", "{72A37AFB-9F72-49AF-B817-FA5C31A0CABD}"
EndProject
Project("{FAE04EC0-301F-11D3-BF4B-00C04F79EFBC}") = "Çarpım_Programı", "Çarpım_Programı\Çarpım_Programı.csproj", "{21C953FF-2A6F-4B3A-9F38-9A7747FBC235}"
EndProject
Project("{FAE04EC0-301F-11D3-BF4B-00C04F79EFBC}") = "Sayinin_Karesinin_Yarisi", "Sayinin_Karesinin_Yarisi\Sayinin_Karesinin_Yarisi.csproj", "{4572F9B1-F493-49DE-A805-A556BE675BB9}"
EndProject
Project("{FAE04EC0-301F-11D3-BF4B-00C04F79EFBC}") = "Bool_Ornek", "Bool_Ornek\Bool_Ornek.csproj", "{50493B77-B4B0-47D7-AD83-1E799FDE5B92}"
EndProject
Project("{FAE04EC0-301F-11D3-BF4B-00C04F79EFBC}") = "Kosullu_İfade_Ornek", "Kosullu_İfade_Ornek\Kosullu_İfade_Ornek.csproj", "{007DA81A-CDE6-474B-AB04-88B1D24810CD}"
EndProject
Project("{FAE04EC0-301F-11D3-BF4B-00C04F79EFBC}") = "Kosullu_İfade_Ornek3", "Kosullu_İfade_Ornek3\Kosullu_İfade_Ornek3.csproj", "{41E498DC-EE08-4485-B8A3-5A3FD9059AB9}"
EndProject
Project("{FAE04EC0-301F-11D3-BF4B-00C04F79EFBC}") = "Kosullu_ifade_ornek4", "Kosullu_ifade_ornek4\Kosullu_ifade_ornek4.csproj", "{0C410669-5AA1-4880-BE8C-7976F7F82218}"
EndProject
Project("{FAE04EC0-301F-11D3-BF4B-00C04F79EFBC}") = "VeOrnek", "VeOrnek\VeOrnek.csproj", "{55E9A0DB-8F71-46A7-926B-2E65848A918D}"
EndProject
Project("{FAE04EC0-301F-11D3-BF4B-00C04F79EFBC}") = "VeyaOrnek", "VeyaOrnek\VeyaOrnek.csproj", "{3C30063B-ADCB-46D4-8DA9-F1FFECF896ED}"
EndProject
Project("{FAE04EC0-301F-11D3-BF4B-00C04F79EFBC}") = "Inline_If_Ornek", "Inline_If_Ornek\Inline_If_Ornek.csproj", "{718BC563-026E-4B9F-88D8-3BB2AD753C40}"
EndProject
Project("{FAE04EC0-301F-11D3-BF4B-00C04F79EFBC}") = "MetodlardaReturn", "MetodlardaReturn\MetodlardaReturn.csproj", "{D8D8FC98-08CE-4C2B-84BF-F68B80AF234B}"
EndProject
Project("{FAE04EC0-301F-11D3-BF4B-00C04F79EFBC}") = "MetodOrnek2", "MetodOrnek2\MetodOrnek2.csproj", "{C613B955-0F09-49CB-940E-0BC3EEF8FD3F}"
EndProject
Project("{FAE04EC0-301F-11D3-BF4B-00C04F79EFBC}") = "Tarih_saat", "MetodOrnek3\Tarih_saat.csproj", "{9DD79D3F-9322-462F-8EB8-52D5CC27998E}"
EndProject
Project("{FAE04EC0-301F-11D3-BF4B-00C04F79EFBC}") = "TarihSaatOrnek", "TarihSaatOrnek\TarihSaatOrnek.csproj", "{6CCADE6E-3386-4615-8B91-0BA56F07C74B}"
EndProject
Project("{FAE04EC0-301F-11D3-BF4B-00C04F79EFBC}") = "TarihFormatOrnek2", "TarihFormatOrnek2\TarihFormatOrnek2.csproj", "{514F5AAF-C965-4BF4-882E-4D79CB747C6C}"
EndProject
Project("{FAE04EC0-301F-11D3-BF4B-00C04F79EFBC}") = "TryCatch", "TryCatch\TryCatch.csproj", "{E0B80994-0162-4647-8572-F9F626FE8A54}"
EndProject
Project("{FAE04EC0-301F-11D3-BF4B-00C04F79EFBC}") = "Diziler", "Diziler\Diziler.csproj", "{3B544A2B-0AC8-4D17-9BC4-9988DA751E1F}"
EndProject
Project("{FAE04EC0-301F-11D3-BF4B-00C04F79EFBC}") = "Nullable", "Nullable\Nullable.csproj", "{3DF68050-93C1-46ED-9395-6E5A30574A03}"
EndProject
Project("{FAE04EC0-301F-11D3-BF4B-00C04F79EFBC}") = "Dongu", "Dongu\Dongu.csproj", "{9704DA26-3581-4CEF-9855-78DE964A5245}"
EndProject
Project("{FAE04EC0-301F-11D3-BF4B-00C04F79EFBC}") = "ConsoleApp1", "ConsoleApp1\ConsoleApp1.csproj", "{366B47BF-8359-4BA2-8E25-0C341FD612E4}"
EndProject
Project("{FAE04EC0-301F-11D3-BF4B-00C04F79EFBC}") = "Rastgele Sayi", "Rastgele Sayi\Rastgele Sayi.csproj", "{D0A744DE-DBA2-48A3-B04D-E9A5ED4D4EFA}"
EndProject
Project("{FAE04EC0-301F-11D3-BF4B-00C04F79EFBC}") = "TasKagitMakas", "TasKagitMakas\TasKagitMakas.csproj", "{71C810EE-A367-40A5-99F1-25BECF7874B9}"
EndProject
Project("{FAE04EC0-301F-11D3-BF4B-00C04F79EFBC}") = "Sınıflar", "Sınıflar\Sınıflar.csproj", "{0A344C14-E4B3-49BF-BE89-163D3F63A936}"
EndProject
Project("{FAE04EC0-301F-11D3-BF4B-00C04F79EFBC}") = "Constructor", "Constructor\Constructor.csproj", "{754642C0-5400-4CEE-85DF-456CCC9FF7A5}"
EndProject
Project("{FAE04EC0-301F-11D3-BF4B-00C04F79EFBC}") = "InterFace", "InterFace\InterFace.csproj", "{D7C70BB5-FBDF-4430-8DC6-AD997752769F}"
EndProject
Project("{FAE04EC0-301F-11D3-BF4B-00C04F79EFBC}") = "GercekciOrnek", "GercekciOrnek\GercekciOrnek.csproj", "{1A7CA396-3612-4E95-B90C-28F6663550C5}"
EndProject
Project("{FAE04EC0-301F-11D3-BF4B-00C04F79EFBC}") = "CokluImplemantasyon", "CokluImplemantasyon\CokluImplemantasyon.csproj", "{BB2201F1-0D4A-4BF7-B384-B6C291CE56B7}"
EndProject
Project("{FAE04EC0-301F-11D3-BF4B-00C04F79EFBC}") = "Kalıtım_Miras", "Kalıtım_Miras\Kalıtım_Miras.csproj", "{9A0A94DA-5976-447C-BA9A-57653C9155A0}"
EndProject
Project("{FAE04EC0-301F-11D3-BF4B-00C04F79EFBC}") = "VirtualMethod", "VirtualMethod\VirtualMethod.csproj", "{A2E06AA2-1538-43E7-B151-6EC0AC09AE03}"
EndProject
Project("{FAE04EC0-301F-11D3-BF4B-00C04F79EFBC}") = "AbstractClass", "AbstractClass\AbstractClass.csproj", "{3076C810-47DB-42F9-BF58-1CEC7C08393B}"
EndProject
Project("{FAE04EC0-301F-11D3-BF4B-00C04F79EFBC}") = "Collections", "Collections\Collections.csproj", "{C2A2D83B-D5AF-4A60-B850-F8F721EE3C7C}"
EndProject
Project("{FAE04EC0-301F-11D3-BF4B-00C04F79EFBC}") = "Tranings", "Tranings\Tranings.csproj", "{517CC6BF-14AC-4E0D-8637-A1F1405B2A44}"
EndProject
Project("{FAE04EC0-301F-11D3-BF4B-00C04F79EFBC}") = "Exampe", "Exampe\Exampe.csproj", "{FCEB0B23-7570-4F45-857B-E2B3E227FC71}"
EndProject
Project("{FAE04EC0-301F-11D3-BF4B-00C04F79EFBC}") = "Superasal", "Superasal\Superasal.csproj", "{50417E39-11A0-4014-8462-F23BE7F927F5}"
EndProject
Project("{FAE04EC0-301F-11D3-BF4B-00C04F79EFBC}") = "Sorting", "Sorting\Sorting.csproj", "{690A5327-91F5-40F8-887C-8FECE80BFA4D}"
EndProject
Project("{FAE04EC0-301F-11D3-BF4B-00C04F79EFBC}") = "Tipguvenli", "Tipguvenli\Tipguvenli.csproj", "{678BFA00-82A0-453D-BFCD-EA455D5BF8B0}"
EndProject
Project("{FAE04EC0-301F-11D3-BF4B-00C04F79EFBC}") = "formss", "formss\formss.csproj", "{43542B45-3725-413E-BC2F-A002934C4DD0}"
EndProject
Project("{FAE04EC0-301F-11D3-BF4B-00C04F79EFBC}") = "rastgele", "rastgele\rastgele.csproj", "{622B113C-6F87-4853-92D9-93681857449D}"
EndProject
Project("{FAE04EC0-301F-11D3-BF4B-00C04F79EFBC}") = "WindowsFormsApp1", "WindowsFormsApp1\WindowsFormsApp1.csproj", "{49E29BDE-47C6-429E-B1B5-23C5516927E0}"
EndProject
Project("{FAE04EC0-301F-11D3-BF4B-00C04F79EFBC}") = "Blackjack", "Blackjack\Blackjack.csproj", "{59B24F06-6197-4172-863F-F31742CFF618}"
EndProject
Project("{FAE04EC0-301F-11D3-BF4B-00C04F79EFBC}") = "Randomform", "Randomform\Randomform.csproj", "{E8E7CAD4-A8F2-4B4B-B2EA-059EE476C489}"
EndProject
Project("{FAE04EC0-301F-11D3-BF4B-00C04F79EFBC}") = "SayisalLoto", "SayisalLoto\SayisalLoto.csproj", "{563487E1-ED76-4187-9053-386304E39C4C}"
EndProject
Project("{FAE04EC0-301F-11D3-BF4B-00C04F79EFBC}") = "Captcha", "Captcha\Captcha.csproj", "{C6EEDAE4-55B5-4869-B312-1A4A1BC9FEE0}"
EndProject
Project("{FAE04EC0-301F-11D3-BF4B-00C04F79EFBC}") = "FormTrain", "FormTrain\FormTrain.csproj", "{15649E3A-C4F8-4130-8C80-0FF26A18500F}"
EndProject
Project("{FAE04EC0-301F-11D3-BF4B-00C04F79EFBC}") = "EnumStructure", "EnumStructure\EnumStructure.csproj", "{833CE1CA-E960-42A3-963A-674B003A837E}"
EndProject
Project("{FAE04EC0-301F-11D3-BF4B-00C04F79EFBC}") = "MathFuncs", "MathFuncs\MathFuncs.csproj", "{3715409E-EB58-478F-ADF7-A9B5D702C6E2}"
EndProject
Project("{FAE04EC0-301F-11D3-BF4B-00C04F79EFBC}") = "DynamicTools", "DynamicTools\DynamicTools.csproj", "{B7892F63-14A4-4073-8E89-DCEB26CD9611}"
EndProject
Project("{FAE04EC0-301F-11D3-BF4B-00C04F79EFBC}") = "FormApp1", "FormApp1\FormApp1.csproj", "{61F71E17-A43A-4885-BE7D-65820221981B}"
EndProject
Project("{FAE04EC0-301F-11D3-BF4B-00C04F79EFBC}") = "BankForm", "BankForm\BankForm.csproj", "{01250388-757E-4488-B0E3-E0D681B66773}"
EndProject
Project("{FAE04EC0-301F-11D3-BF4B-00C04F79EFBC}") = "ScreenSaver", "ScreenSaver\ScreenSaver.csproj", "{6BAA381D-8052-4392-922C-7A25E9D479BC}"
EndProject
Project("{FAE04EC0-301F-11D3-BF4B-00C04F79EFBC}") = "CurrencyConverter", "CurrencyConverter\CurrencyConverter.csproj", "{79B9340B-CFD8-40D7-BAE7-78F71A841D42}"
EndProject
Project("{FAE04EC0-301F-11D3-BF4B-00C04F79EFBC}") = "Labirent", "Labirent\Labirent.csproj", "{DD46097C-C0F6-47C7-A39A-368BEF41B00F}"
EndProject
Project("{FAE04EC0-301F-11D3-BF4B-00C04F79EFBC}") = "Pinpon", "Pinpon\Pinpon.csproj", "{E9C99047-AE72-45BD-95AE-1389B43BBC79}"
EndProject
Project("{FAE04EC0-301F-11D3-BF4B-00C04F79EFBC}") = "Quiz2_Training", "Quiz2_Training\Quiz2_Training.csproj", "{C10E77FF-A078-4469-86A6-1FF6656B2FFE}"
EndProject
Project("{FAE04EC0-301F-11D3-BF4B-00C04F79EFBC}") = "RussianPractice", "RussianPractice\RussianPractice.csproj", "{937532CD-0829-4868-A77C-962D340EADC0}"
EndProject
Project("{FAE04EC0-301F-11D3-BF4B-00C04F79EFBC}") = "KilavuzOgrenme", "KilavuzOgrenme\KilavuzOgrenme.csproj", "{95A30F05-B069-4C98-BAB8-4E4FDBD20FA4}"
EndProject
Project("{FAE04EC0-301F-11D3-BF4B-00C04F79EFBC}") = "Kelime_Fonksiyonları", "Kelime_Fonksiyonları\Kelime_Fonksiyonları.csproj", "{37FC79B4-EA50-41F9-B2E2-8F25F83EBE6B}"
EndProject
Project("{FAE04EC0-301F-11D3-BF4B-00C04F79EFBC}") = "Final Calisma", "Final Calisma\Final Calisma.csproj", "{40F595C4-202E-499F-B80B-E9B9B5431DE1}"
EndProject
Project("{FAE04EC0-301F-11D3-BF4B-00C04F79EFBC}") = "Browser", "Browser\Browser.csproj", "{1279BE28-A64A-4E12-B974-2603376E8EFB}"
EndProject
Project("{FAE04EC0-301F-11D3-BF4B-00C04F79EFBC}") = "Doviz_Uygulama", "Doviz_Uygulama\Doviz_Uygulama.csproj", "{1552434F-1DDB-4826-B6D9-2C5FF56028D0}"
EndProject
Project("{FAE04EC0-301F-11D3-BF4B-00C04F79EFBC}") = "SQLFORM", "SQLFORM\SQLFORM.csproj", "{634F528B-C4B3-4AEB-9F28-BFE9F967338E}"
EndProject
Global
	GlobalSection(SolutionConfigurationPlatforms) = preSolution
		Debug|Any CPU = Debug|Any CPU
		Debug|x64 = Debug|x64
		Debug|x86 = Debug|x86
		Release|Any CPU = Release|Any CPU
		Release|x64 = Release|x64
		Release|x86 = Release|x86
	EndGlobalSection
	GlobalSection(ProjectConfigurationPlatforms) = postSolution
		{60F424B3-AB97-49A8-BD96-CB599FD54B51}.Debug|Any CPU.ActiveCfg = Debug|Any CPU
		{60F424B3-AB97-49A8-BD96-CB599FD54B51}.Debug|Any CPU.Build.0 = Debug|Any CPU
		{60F424B3-AB97-49A8-BD96-CB599FD54B51}.Debug|x64.ActiveCfg = Debug|Any CPU
		{60F424B3-AB97-49A8-BD96-CB599FD54B51}.Debug|x64.Build.0 = Debug|Any CPU
		{60F424B3-AB97-49A8-BD96-CB599FD54B51}.Debug|x86.ActiveCfg = Debug|Any CPU
		{60F424B3-AB97-49A8-BD96-CB599FD54B51}.Debug|x86.Build.0 = Debug|Any CPU
		{60F424B3-AB97-49A8-BD96-CB599FD54B51}.Release|Any CPU.ActiveCfg = Release|Any CPU
		{60F424B3-AB97-49A8-BD96-CB599FD54B51}.Release|Any CPU.Build.0 = Release|Any CPU
		{60F424B3-AB97-49A8-BD96-CB599FD54B51}.Release|x64.ActiveCfg = Release|Any CPU
		{60F424B3-AB97-49A8-BD96-CB599FD54B51}.Release|x64.Build.0 = Release|Any CPU
		{60F424B3-AB97-49A8-BD96-CB599FD54B51}.Release|x86.ActiveCfg = Release|Any CPU
		{60F424B3-AB97-49A8-BD96-CB599FD54B51}.Release|x86.Build.0 = Release|Any CPU
		{C39B5019-E3FF-44BB-AF93-3DD9CF606920}.Debug|Any CPU.ActiveCfg = Debug|Any CPU
		{C39B5019-E3FF-44BB-AF93-3DD9CF606920}.Debug|Any CPU.Build.0 = Debug|Any CPU
		{C39B5019-E3FF-44BB-AF93-3DD9CF606920}.Debug|x64.ActiveCfg = Debug|Any CPU
		{C39B5019-E3FF-44BB-AF93-3DD9CF606920}.Debug|x64.Build.0 = Debug|Any CPU
		{C39B5019-E3FF-44BB-AF93-3DD9CF606920}.Debug|x86.ActiveCfg = Debug|Any CPU
		{C39B5019-E3FF-44BB-AF93-3DD9CF606920}.Debug|x86.Build.0 = Debug|Any CPU
		{C39B5019-E3FF-44BB-AF93-3DD9CF606920}.Release|Any CPU.ActiveCfg = Release|Any CPU
		{C39B5019-E3FF-44BB-AF93-3DD9CF606920}.Release|Any CPU.Build.0 = Release|Any CPU
		{C39B5019-E3FF-44BB-AF93-3DD9CF606920}.Release|x64.ActiveCfg = Release|Any CPU
		{C39B5019-E3FF-44BB-AF93-3DD9CF606920}.Release|x64.Build.0 = Release|Any CPU
		{C39B5019-E3FF-44BB-AF93-3DD9CF606920}.Release|x86.ActiveCfg = Release|Any CPU
		{C39B5019-E3FF-44BB-AF93-3DD9CF606920}.Release|x86.Build.0 = Release|Any CPU
		{8A5BCD7B-747E-4AFB-948A-0A90D7A72530}.Debug|Any CPU.ActiveCfg = Debug|Any CPU
		{8A5BCD7B-747E-4AFB-948A-0A90D7A72530}.Debug|Any CPU.Build.0 = Debug|Any CPU
		{8A5BCD7B-747E-4AFB-948A-0A90D7A72530}.Debug|x64.ActiveCfg = Debug|Any CPU
		{8A5BCD7B-747E-4AFB-948A-0A90D7A72530}.Debug|x64.Build.0 = Debug|Any CPU
		{8A5BCD7B-747E-4AFB-948A-0A90D7A72530}.Debug|x86.ActiveCfg = Debug|Any CPU
		{8A5BCD7B-747E-4AFB-948A-0A90D7A72530}.Debug|x86.Build.0 = Debug|Any CPU
		{8A5BCD7B-747E-4AFB-948A-0A90D7A72530}.Release|Any CPU.ActiveCfg = Release|Any CPU
		{8A5BCD7B-747E-4AFB-948A-0A90D7A72530}.Release|Any CPU.Build.0 = Release|Any CPU
		{8A5BCD7B-747E-4AFB-948A-0A90D7A72530}.Release|x64.ActiveCfg = Release|Any CPU
		{8A5BCD7B-747E-4AFB-948A-0A90D7A72530}.Release|x64.Build.0 = Release|Any CPU
		{8A5BCD7B-747E-4AFB-948A-0A90D7A72530}.Release|x86.ActiveCfg = Release|Any CPU
		{8A5BCD7B-747E-4AFB-948A-0A90D7A72530}.Release|x86.Build.0 = Release|Any CPU
		{75323135-B359-4257-98D0-C86DC1CBB2A4}.Debug|Any CPU.ActiveCfg = Debug|Any CPU
		{75323135-B359-4257-98D0-C86DC1CBB2A4}.Debug|Any CPU.Build.0 = Debug|Any CPU
		{75323135-B359-4257-98D0-C86DC1CBB2A4}.Debug|x64.ActiveCfg = Debug|Any CPU
		{75323135-B359-4257-98D0-C86DC1CBB2A4}.Debug|x64.Build.0 = Debug|Any CPU
		{75323135-B359-4257-98D0-C86DC1CBB2A4}.Debug|x86.ActiveCfg = Debug|Any CPU
		{75323135-B359-4257-98D0-C86DC1CBB2A4}.Debug|x86.Build.0 = Debug|Any CPU
		{75323135-B359-4257-98D0-C86DC1CBB2A4}.Release|Any CPU.ActiveCfg = Release|Any CPU
		{75323135-B359-4257-98D0-C86DC1CBB2A4}.Release|Any CPU.Build.0 = Release|Any CPU
		{75323135-B359-4257-98D0-C86DC1CBB2A4}.Release|x64.ActiveCfg = Release|Any CPU
		{75323135-B359-4257-98D0-C86DC1CBB2A4}.Release|x64.Build.0 = Release|Any CPU
		{75323135-B359-4257-98D0-C86DC1CBB2A4}.Release|x86.ActiveCfg = Release|Any CPU
		{75323135-B359-4257-98D0-C86DC1CBB2A4}.Release|x86.Build.0 = Release|Any CPU
		{0EC1998F-5EED-41B8-8000-E57FC42EFBA7}.Debug|Any CPU.ActiveCfg = Debug|Any CPU
		{0EC1998F-5EED-41B8-8000-E57FC42EFBA7}.Debug|Any CPU.Build.0 = Debug|Any CPU
		{0EC1998F-5EED-41B8-8000-E57FC42EFBA7}.Debug|x64.ActiveCfg = Debug|Any CPU
		{0EC1998F-5EED-41B8-8000-E57FC42EFBA7}.Debug|x64.Build.0 = Debug|Any CPU
		{0EC1998F-5EED-41B8-8000-E57FC42EFBA7}.Debug|x86.ActiveCfg = Debug|Any CPU
		{0EC1998F-5EED-41B8-8000-E57FC42EFBA7}.Debug|x86.Build.0 = Debug|Any CPU
		{0EC1998F-5EED-41B8-8000-E57FC42EFBA7}.Release|Any CPU.ActiveCfg = Release|Any CPU
		{0EC1998F-5EED-41B8-8000-E57FC42EFBA7}.Release|Any CPU.Build.0 = Release|Any CPU
		{0EC1998F-5EED-41B8-8000-E57FC42EFBA7}.Release|x64.ActiveCfg = Release|Any CPU
		{0EC1998F-5EED-41B8-8000-E57FC42EFBA7}.Release|x64.Build.0 = Release|Any CPU
		{0EC1998F-5EED-41B8-8000-E57FC42EFBA7}.Release|x86.ActiveCfg = Release|Any CPU
		{0EC1998F-5EED-41B8-8000-E57FC42EFBA7}.Release|x86.Build.0 = Release|Any CPU
		{447A3AB5-B3EA-41F9-A58F-12B428C2B289}.Debug|Any CPU.ActiveCfg = Debug|Any CPU
		{447A3AB5-B3EA-41F9-A58F-12B428C2B289}.Debug|Any CPU.Build.0 = Debug|Any CPU
		{447A3AB5-B3EA-41F9-A58F-12B428C2B289}.Debug|x64.ActiveCfg = Debug|Any CPU
		{447A3AB5-B3EA-41F9-A58F-12B428C2B289}.Debug|x64.Build.0 = Debug|Any CPU
		{447A3AB5-B3EA-41F9-A58F-12B428C2B289}.Debug|x86.ActiveCfg = Debug|Any CPU
		{447A3AB5-B3EA-41F9-A58F-12B428C2B289}.Debug|x86.Build.0 = Debug|Any CPU
		{447A3AB5-B3EA-41F9-A58F-12B428C2B289}.Release|Any CPU.ActiveCfg = Release|Any CPU
		{447A3AB5-B3EA-41F9-A58F-12B428C2B289}.Release|Any CPU.Build.0 = Release|Any CPU
		{447A3AB5-B3EA-41F9-A58F-12B428C2B289}.Release|x64.ActiveCfg = Release|Any CPU
		{447A3AB5-B3EA-41F9-A58F-12B428C2B289}.Release|x64.Build.0 = Release|Any CPU
		{447A3AB5-B3EA-41F9-A58F-12B428C2B289}.Release|x86.ActiveCfg = Release|Any CPU
		{447A3AB5-B3EA-41F9-A58F-12B428C2B289}.Release|x86.Build.0 = Release|Any CPU
		{79CC9AC5-6622-432E-9FF4-743F6F6A83A3}.Debug|Any CPU.ActiveCfg = Debug|Any CPU
		{79CC9AC5-6622-432E-9FF4-743F6F6A83A3}.Debug|Any CPU.Build.0 = Debug|Any CPU
		{79CC9AC5-6622-432E-9FF4-743F6F6A83A3}.Debug|x64.ActiveCfg = Debug|Any CPU
		{79CC9AC5-6622-432E-9FF4-743F6F6A83A3}.Debug|x64.Build.0 = Debug|Any CPU
		{79CC9AC5-6622-432E-9FF4-743F6F6A83A3}.Debug|x86.ActiveCfg = Debug|Any CPU
		{79CC9AC5-6622-432E-9FF4-743F6F6A83A3}.Debug|x86.Build.0 = Debug|Any CPU
		{79CC9AC5-6622-432E-9FF4-743F6F6A83A3}.Release|Any CPU.ActiveCfg = Release|Any CPU
		{79CC9AC5-6622-432E-9FF4-743F6F6A83A3}.Release|Any CPU.Build.0 = Release|Any CPU
		{79CC9AC5-6622-432E-9FF4-743F6F6A83A3}.Release|x64.ActiveCfg = Release|Any CPU
		{79CC9AC5-6622-432E-9FF4-743F6F6A83A3}.Release|x64.Build.0 = Release|Any CPU
		{79CC9AC5-6622-432E-9FF4-743F6F6A83A3}.Release|x86.ActiveCfg = Release|Any CPU
		{79CC9AC5-6622-432E-9FF4-743F6F6A83A3}.Release|x86.Build.0 = Release|Any CPU
		{8358E850-1435-4056-A990-22A5BB7C619D}.Debug|Any CPU.ActiveCfg = Debug|Any CPU
		{8358E850-1435-4056-A990-22A5BB7C619D}.Debug|Any CPU.Build.0 = Debug|Any CPU
		{8358E850-1435-4056-A990-22A5BB7C619D}.Debug|x64.ActiveCfg = Debug|Any CPU
		{8358E850-1435-4056-A990-22A5BB7C619D}.Debug|x64.Build.0 = Debug|Any CPU
		{8358E850-1435-4056-A990-22A5BB7C619D}.Debug|x86.ActiveCfg = Debug|Any CPU
		{8358E850-1435-4056-A990-22A5BB7C619D}.Debug|x86.Build.0 = Debug|Any CPU
		{8358E850-1435-4056-A990-22A5BB7C619D}.Release|Any CPU.ActiveCfg = Release|Any CPU
		{8358E850-1435-4056-A990-22A5BB7C619D}.Release|Any CPU.Build.0 = Release|Any CPU
		{8358E850-1435-4056-A990-22A5BB7C619D}.Release|x64.ActiveCfg = Release|Any CPU
		{8358E850-1435-4056-A990-22A5BB7C619D}.Release|x64.Build.0 = Release|Any CPU
		{8358E850-1435-4056-A990-22A5BB7C619D}.Release|x86.ActiveCfg = Release|Any CPU
		{8358E850-1435-4056-A990-22A5BB7C619D}.Release|x86.Build.0 = Release|Any CPU
		{DEF14F21-7983-4A15-917E-9246ACDA1FA6}.Debug|Any CPU.ActiveCfg = Debug|Any CPU
		{DEF14F21-7983-4A15-917E-9246ACDA1FA6}.Debug|Any CPU.Build.0 = Debug|Any CPU
		{DEF14F21-7983-4A15-917E-9246ACDA1FA6}.Debug|x64.ActiveCfg = Debug|Any CPU
		{DEF14F21-7983-4A15-917E-9246ACDA1FA6}.Debug|x64.Build.0 = Debug|Any CPU
		{DEF14F21-7983-4A15-917E-9246ACDA1FA6}.Debug|x86.ActiveCfg = Debug|Any CPU
		{DEF14F21-7983-4A15-917E-9246ACDA1FA6}.Debug|x86.Build.0 = Debug|Any CPU
		{DEF14F21-7983-4A15-917E-9246ACDA1FA6}.Release|Any CPU.ActiveCfg = Release|Any CPU
		{DEF14F21-7983-4A15-917E-9246ACDA1FA6}.Release|Any CPU.Build.0 = Release|Any CPU
		{DEF14F21-7983-4A15-917E-9246ACDA1FA6}.Release|x64.ActiveCfg = Release|Any CPU
		{DEF14F21-7983-4A15-917E-9246ACDA1FA6}.Release|x64.Build.0 = Release|Any CPU
		{DEF14F21-7983-4A15-917E-9246ACDA1FA6}.Release|x86.ActiveCfg = Release|Any CPU
		{DEF14F21-7983-4A15-917E-9246ACDA1FA6}.Release|x86.Build.0 = Release|Any CPU
		{72A37AFB-9F72-49AF-B817-FA5C31A0CABD}.Debug|Any CPU.ActiveCfg = Debug|Any CPU
		{72A37AFB-9F72-49AF-B817-FA5C31A0CABD}.Debug|Any CPU.Build.0 = Debug|Any CPU
		{72A37AFB-9F72-49AF-B817-FA5C31A0CABD}.Debug|x64.ActiveCfg = Debug|Any CPU
		{72A37AFB-9F72-49AF-B817-FA5C31A0CABD}.Debug|x64.Build.0 = Debug|Any CPU
		{72A37AFB-9F72-49AF-B817-FA5C31A0CABD}.Debug|x86.ActiveCfg = Debug|Any CPU
		{72A37AFB-9F72-49AF-B817-FA5C31A0CABD}.Debug|x86.Build.0 = Debug|Any CPU
		{72A37AFB-9F72-49AF-B817-FA5C31A0CABD}.Release|Any CPU.ActiveCfg = Release|Any CPU
		{72A37AFB-9F72-49AF-B817-FA5C31A0CABD}.Release|Any CPU.Build.0 = Release|Any CPU
		{72A37AFB-9F72-49AF-B817-FA5C31A0CABD}.Release|x64.ActiveCfg = Release|Any CPU
		{72A37AFB-9F72-49AF-B817-FA5C31A0CABD}.Release|x64.Build.0 = Release|Any CPU
		{72A37AFB-9F72-49AF-B817-FA5C31A0CABD}.Release|x86.ActiveCfg = Release|Any CPU
		{72A37AFB-9F72-49AF-B817-FA5C31A0CABD}.Release|x86.Build.0 = Release|Any CPU
		{21C953FF-2A6F-4B3A-9F38-9A7747FBC235}.Debug|Any CPU.ActiveCfg = Debug|Any CPU
		{21C953FF-2A6F-4B3A-9F38-9A7747FBC235}.Debug|Any CPU.Build.0 = Debug|Any CPU
		{21C953FF-2A6F-4B3A-9F38-9A7747FBC235}.Debug|x64.ActiveCfg = Debug|Any CPU
		{21C953FF-2A6F-4B3A-9F38-9A7747FBC235}.Debug|x64.Build.0 = Debug|Any CPU
		{21C953FF-2A6F-4B3A-9F38-9A7747FBC235}.Debug|x86.ActiveCfg = Debug|Any CPU
		{21C953FF-2A6F-4B3A-9F38-9A7747FBC235}.Debug|x86.Build.0 = Debug|Any CPU
		{21C953FF-2A6F-4B3A-9F38-9A7747FBC235}.Release|Any CPU.ActiveCfg = Release|Any CPU
		{21C953FF-2A6F-4B3A-9F38-9A7747FBC235}.Release|Any CPU.Build.0 = Release|Any CPU
		{21C953FF-2A6F-4B3A-9F38-9A7747FBC235}.Release|x64.ActiveCfg = Release|Any CPU
		{21C953FF-2A6F-4B3A-9F38-9A7747FBC235}.Release|x64.Build.0 = Release|Any CPU
		{21C953FF-2A6F-4B3A-9F38-9A7747FBC235}.Release|x86.ActiveCfg = Release|Any CPU
		{21C953FF-2A6F-4B3A-9F38-9A7747FBC235}.Release|x86.Build.0 = Release|Any CPU
		{4572F9B1-F493-49DE-A805-A556BE675BB9}.Debug|Any CPU.ActiveCfg = Debug|Any CPU
		{4572F9B1-F493-49DE-A805-A556BE675BB9}.Debug|Any CPU.Build.0 = Debug|Any CPU
		{4572F9B1-F493-49DE-A805-A556BE675BB9}.Debug|x64.ActiveCfg = Debug|Any CPU
		{4572F9B1-F493-49DE-A805-A556BE675BB9}.Debug|x64.Build.0 = Debug|Any CPU
		{4572F9B1-F493-49DE-A805-A556BE675BB9}.Debug|x86.ActiveCfg = Debug|Any CPU
		{4572F9B1-F493-49DE-A805-A556BE675BB9}.Debug|x86.Build.0 = Debug|Any CPU
		{4572F9B1-F493-49DE-A805-A556BE675BB9}.Release|Any CPU.ActiveCfg = Release|Any CPU
		{4572F9B1-F493-49DE-A805-A556BE675BB9}.Release|Any CPU.Build.0 = Release|Any CPU
		{4572F9B1-F493-49DE-A805-A556BE675BB9}.Release|x64.ActiveCfg = Release|Any CPU
		{4572F9B1-F493-49DE-A805-A556BE675BB9}.Release|x64.Build.0 = Release|Any CPU
		{4572F9B1-F493-49DE-A805-A556BE675BB9}.Release|x86.ActiveCfg = Release|Any CPU
		{4572F9B1-F493-49DE-A805-A556BE675BB9}.Release|x86.Build.0 = Release|Any CPU
		{50493B77-B4B0-47D7-AD83-1E799FDE5B92}.Debug|Any CPU.ActiveCfg = Debug|Any CPU
		{50493B77-B4B0-47D7-AD83-1E799FDE5B92}.Debug|Any CPU.Build.0 = Debug|Any CPU
		{50493B77-B4B0-47D7-AD83-1E799FDE5B92}.Debug|x64.ActiveCfg = Debug|Any CPU
		{50493B77-B4B0-47D7-AD83-1E799FDE5B92}.Debug|x64.Build.0 = Debug|Any CPU
		{50493B77-B4B0-47D7-AD83-1E799FDE5B92}.Debug|x86.ActiveCfg = Debug|Any CPU
		{50493B77-B4B0-47D7-AD83-1E799FDE5B92}.Debug|x86.Build.0 = Debug|Any CPU
		{50493B77-B4B0-47D7-AD83-1E799FDE5B92}.Release|Any CPU.ActiveCfg = Release|Any CPU
		{50493B77-B4B0-47D7-AD83-1E799FDE5B92}.Release|Any CPU.Build.0 = Release|Any CPU
		{50493B77-B4B0-47D7-AD83-1E799FDE5B92}.Release|x64.ActiveCfg = Release|Any CPU
		{50493B77-B4B0-47D7-AD83-1E799FDE5B92}.Release|x64.Build.0 = Release|Any CPU
		{50493B77-B4B0-47D7-AD83-1E799FDE5B92}.Release|x86.ActiveCfg = Release|Any CPU
		{50493B77-B4B0-47D7-AD83-1E799FDE5B92}.Release|x86.Build.0 = Release|Any CPU
		{007DA81A-CDE6-474B-AB04-88B1D24810CD}.Debug|Any CPU.ActiveCfg = Debug|Any CPU
		{007DA81A-CDE6-474B-AB04-88B1D24810CD}.Debug|Any CPU.Build.0 = Debug|Any CPU
		{007DA81A-CDE6-474B-AB04-88B1D24810CD}.Debug|x64.ActiveCfg = Debug|Any CPU
		{007DA81A-CDE6-474B-AB04-88B1D24810CD}.Debug|x64.Build.0 = Debug|Any CPU
		{007DA81A-CDE6-474B-AB04-88B1D24810CD}.Debug|x86.ActiveCfg = Debug|Any CPU
		{007DA81A-CDE6-474B-AB04-88B1D24810CD}.Debug|x86.Build.0 = Debug|Any CPU
		{007DA81A-CDE6-474B-AB04-88B1D24810CD}.Release|Any CPU.ActiveCfg = Release|Any CPU
		{007DA81A-CDE6-474B-AB04-88B1D24810CD}.Release|Any CPU.Build.0 = Release|Any CPU
		{007DA81A-CDE6-474B-AB04-88B1D24810CD}.Release|x64.ActiveCfg = Release|Any CPU
		{007DA81A-CDE6-474B-AB04-88B1D24810CD}.Release|x64.Build.0 = Release|Any CPU
		{007DA81A-CDE6-474B-AB04-88B1D24810CD}.Release|x86.ActiveCfg = Release|Any CPU
		{007DA81A-CDE6-474B-AB04-88B1D24810CD}.Release|x86.Build.0 = Release|Any CPU
		{41E498DC-EE08-4485-B8A3-5A3FD9059AB9}.Debug|Any CPU.ActiveCfg = Debug|Any CPU
		{41E498DC-EE08-4485-B8A3-5A3FD9059AB9}.Debug|Any CPU.Build.0 = Debug|Any CPU
		{41E498DC-EE08-4485-B8A3-5A3FD9059AB9}.Debug|x64.ActiveCfg = Debug|Any CPU
		{41E498DC-EE08-4485-B8A3-5A3FD9059AB9}.Debug|x64.Build.0 = Debug|Any CPU
		{41E498DC-EE08-4485-B8A3-5A3FD9059AB9}.Debug|x86.ActiveCfg = Debug|Any CPU
		{41E498DC-EE08-4485-B8A3-5A3FD9059AB9}.Debug|x86.Build.0 = Debug|Any CPU
		{41E498DC-EE08-4485-B8A3-5A3FD9059AB9}.Release|Any CPU.ActiveCfg = Release|Any CPU
		{41E498DC-EE08-4485-B8A3-5A3FD9059AB9}.Release|Any CPU.Build.0 = Release|Any CPU
		{41E498DC-EE08-4485-B8A3-5A3FD9059AB9}.Release|x64.ActiveCfg = Release|Any CPU
		{41E498DC-EE08-4485-B8A3-5A3FD9059AB9}.Release|x64.Build.0 = Release|Any CPU
		{41E498DC-EE08-4485-B8A3-5A3FD9059AB9}.Release|x86.ActiveCfg = Release|Any CPU
		{41E498DC-EE08-4485-B8A3-5A3FD9059AB9}.Release|x86.Build.0 = Release|Any CPU
		{0C410669-5AA1-4880-BE8C-7976F7F82218}.Debug|Any CPU.ActiveCfg = Debug|Any CPU
		{0C410669-5AA1-4880-BE8C-7976F7F82218}.Debug|Any CPU.Build.0 = Debug|Any CPU
		{0C410669-5AA1-4880-BE8C-7976F7F82218}.Debug|x64.ActiveCfg = Debug|Any CPU
		{0C410669-5AA1-4880-BE8C-7976F7F82218}.Debug|x64.Build.0 = Debug|Any CPU
		{0C410669-5AA1-4880-BE8C-7976F7F82218}.Debug|x86.ActiveCfg = Debug|Any CPU
		{0C410669-5AA1-4880-BE8C-7976F7F82218}.Debug|x86.Build.0 = Debug|Any CPU
		{0C410669-5AA1-4880-BE8C-7976F7F82218}.Release|Any CPU.ActiveCfg = Release|Any CPU
		{0C410669-5AA1-4880-BE8C-7976F7F82218}.Release|Any CPU.Build.0 = Release|Any CPU
		{0C410669-5AA1-4880-BE8C-7976F7F82218}.Release|x64.ActiveCfg = Release|Any CPU
		{0C410669-5AA1-4880-BE8C-7976F7F82218}.Release|x64.Build.0 = Release|Any CPU
		{0C410669-5AA1-4880-BE8C-7976F7F82218}.Release|x86.ActiveCfg = Release|Any CPU
		{0C410669-5AA1-4880-BE8C-7976F7F82218}.Release|x86.Build.0 = Release|Any CPU
		{55E9A0DB-8F71-46A7-926B-2E65848A918D}.Debug|Any CPU.ActiveCfg = Debug|Any CPU
		{55E9A0DB-8F71-46A7-926B-2E65848A918D}.Debug|Any CPU.Build.0 = Debug|Any CPU
		{55E9A0DB-8F71-46A7-926B-2E65848A918D}.Debug|x64.ActiveCfg = Debug|Any CPU
		{55E9A0DB-8F71-46A7-926B-2E65848A918D}.Debug|x64.Build.0 = Debug|Any CPU
		{55E9A0DB-8F71-46A7-926B-2E65848A918D}.Debug|x86.ActiveCfg = Debug|Any CPU
		{55E9A0DB-8F71-46A7-926B-2E65848A918D}.Debug|x86.Build.0 = Debug|Any CPU
		{55E9A0DB-8F71-46A7-926B-2E65848A918D}.Release|Any CPU.ActiveCfg = Release|Any CPU
		{55E9A0DB-8F71-46A7-926B-2E65848A918D}.Release|Any CPU.Build.0 = Release|Any CPU
		{55E9A0DB-8F71-46A7-926B-2E65848A918D}.Release|x64.ActiveCfg = Release|Any CPU
		{55E9A0DB-8F71-46A7-926B-2E65848A918D}.Release|x64.Build.0 = Release|Any CPU
		{55E9A0DB-8F71-46A7-926B-2E65848A918D}.Release|x86.ActiveCfg = Release|Any CPU
		{55E9A0DB-8F71-46A7-926B-2E65848A918D}.Release|x86.Build.0 = Release|Any CPU
		{3C30063B-ADCB-46D4-8DA9-F1FFECF896ED}.Debug|Any CPU.ActiveCfg = Debug|Any CPU
		{3C30063B-ADCB-46D4-8DA9-F1FFECF896ED}.Debug|Any CPU.Build.0 = Debug|Any CPU
		{3C30063B-ADCB-46D4-8DA9-F1FFECF896ED}.Debug|x64.ActiveCfg = Debug|Any CPU
		{3C30063B-ADCB-46D4-8DA9-F1FFECF896ED}.Debug|x64.Build.0 = Debug|Any CPU
		{3C30063B-ADCB-46D4-8DA9-F1FFECF896ED}.Debug|x86.ActiveCfg = Debug|Any CPU
		{3C30063B-ADCB-46D4-8DA9-F1FFECF896ED}.Debug|x86.Build.0 = Debug|Any CPU
		{3C30063B-ADCB-46D4-8DA9-F1FFECF896ED}.Release|Any CPU.ActiveCfg = Release|Any CPU
		{3C30063B-ADCB-46D4-8DA9-F1FFECF896ED}.Release|Any CPU.Build.0 = Release|Any CPU
		{3C30063B-ADCB-46D4-8DA9-F1FFECF896ED}.Release|x64.ActiveCfg = Release|Any CPU
		{3C30063B-ADCB-46D4-8DA9-F1FFECF896ED}.Release|x64.Build.0 = Release|Any CPU
		{3C30063B-ADCB-46D4-8DA9-F1FFECF896ED}.Release|x86.ActiveCfg = Release|Any CPU
		{3C30063B-ADCB-46D4-8DA9-F1FFECF896ED}.Release|x86.Build.0 = Release|Any CPU
		{718BC563-026E-4B9F-88D8-3BB2AD753C40}.Debug|Any CPU.ActiveCfg = Debug|Any CPU
		{718BC563-026E-4B9F-88D8-3BB2AD753C40}.Debug|Any CPU.Build.0 = Debug|Any CPU
		{718BC563-026E-4B9F-88D8-3BB2AD753C40}.Debug|x64.ActiveCfg = Debug|Any CPU
		{718BC563-026E-4B9F-88D8-3BB2AD753C40}.Debug|x64.Build.0 = Debug|Any CPU
		{718BC563-026E-4B9F-88D8-3BB2AD753C40}.Debug|x86.ActiveCfg = Debug|Any CPU
		{718BC563-026E-4B9F-88D8-3BB2AD753C40}.Debug|x86.Build.0 = Debug|Any CPU
		{718BC563-026E-4B9F-88D8-3BB2AD753C40}.Release|Any CPU.ActiveCfg = Release|Any CPU
		{718BC563-026E-4B9F-88D8-3BB2AD753C40}.Release|Any CPU.Build.0 = Release|Any CPU
		{718BC563-026E-4B9F-88D8-3BB2AD753C40}.Release|x64.ActiveCfg = Release|Any CPU
		{718BC563-026E-4B9F-88D8-3BB2AD753C40}.Release|x64.Build.0 = Release|Any CPU
		{718BC563-026E-4B9F-88D8-3BB2AD753C40}.Release|x86.ActiveCfg = Release|Any CPU
		{718BC563-026E-4B9F-88D8-3BB2AD753C40}.Release|x86.Build.0 = Release|Any CPU
		{D8D8FC98-08CE-4C2B-84BF-F68B80AF234B}.Debug|Any CPU.ActiveCfg = Debug|Any CPU
		{D8D8FC98-08CE-4C2B-84BF-F68B80AF234B}.Debug|Any CPU.Build.0 = Debug|Any CPU
		{D8D8FC98-08CE-4C2B-84BF-F68B80AF234B}.Debug|x64.ActiveCfg = Debug|Any CPU
		{D8D8FC98-08CE-4C2B-84BF-F68B80AF234B}.Debug|x64.Build.0 = Debug|Any CPU
		{D8D8FC98-08CE-4C2B-84BF-F68B80AF234B}.Debug|x86.ActiveCfg = Debug|Any CPU
		{D8D8FC98-08CE-4C2B-84BF-F68B80AF234B}.Debug|x86.Build.0 = Debug|Any CPU
		{D8D8FC98-08CE-4C2B-84BF-F68B80AF234B}.Release|Any CPU.ActiveCfg = Release|Any CPU
		{D8D8FC98-08CE-4C2B-84BF-F68B80AF234B}.Release|Any CPU.Build.0 = Release|Any CPU
		{D8D8FC98-08CE-4C2B-84BF-F68B80AF234B}.Release|x64.ActiveCfg = Release|Any CPU
		{D8D8FC98-08CE-4C2B-84BF-F68B80AF234B}.Release|x64.Build.0 = Release|Any CPU
		{D8D8FC98-08CE-4C2B-84BF-F68B80AF234B}.Release|x86.ActiveCfg = Release|Any CPU
		{D8D8FC98-08CE-4C2B-84BF-F68B80AF234B}.Release|x86.Build.0 = Release|Any CPU
		{C613B955-0F09-49CB-940E-0BC3EEF8FD3F}.Debug|Any CPU.ActiveCfg = Debug|Any CPU
		{C613B955-0F09-49CB-940E-0BC3EEF8FD3F}.Debug|Any CPU.Build.0 = Debug|Any CPU
		{C613B955-0F09-49CB-940E-0BC3EEF8FD3F}.Debug|x64.ActiveCfg = Debug|Any CPU
		{C613B955-0F09-49CB-940E-0BC3EEF8FD3F}.Debug|x64.Build.0 = Debug|Any CPU
		{C613B955-0F09-49CB-940E-0BC3EEF8FD3F}.Debug|x86.ActiveCfg = Debug|Any CPU
		{C613B955-0F09-49CB-940E-0BC3EEF8FD3F}.Debug|x86.Build.0 = Debug|Any CPU
		{C613B955-0F09-49CB-940E-0BC3EEF8FD3F}.Release|Any CPU.ActiveCfg = Release|Any CPU
		{C613B955-0F09-49CB-940E-0BC3EEF8FD3F}.Release|Any CPU.Build.0 = Release|Any CPU
		{C613B955-0F09-49CB-940E-0BC3EEF8FD3F}.Release|x64.ActiveCfg = Release|Any CPU
		{C613B955-0F09-49CB-940E-0BC3EEF8FD3F}.Release|x64.Build.0 = Release|Any CPU
		{C613B955-0F09-49CB-940E-0BC3EEF8FD3F}.Release|x86.ActiveCfg = Release|Any CPU
		{C613B955-0F09-49CB-940E-0BC3EEF8FD3F}.Release|x86.Build.0 = Release|Any CPU
		{9DD79D3F-9322-462F-8EB8-52D5CC27998E}.Debug|Any CPU.ActiveCfg = Debug|Any CPU
		{9DD79D3F-9322-462F-8EB8-52D5CC27998E}.Debug|Any CPU.Build.0 = Debug|Any CPU
		{9DD79D3F-9322-462F-8EB8-52D5CC27998E}.Debug|x64.ActiveCfg = Debug|Any CPU
		{9DD79D3F-9322-462F-8EB8-52D5CC27998E}.Debug|x64.Build.0 = Debug|Any CPU
		{9DD79D3F-9322-462F-8EB8-52D5CC27998E}.Debug|x86.ActiveCfg = Debug|Any CPU
		{9DD79D3F-9322-462F-8EB8-52D5CC27998E}.Debug|x86.Build.0 = Debug|Any CPU
		{9DD79D3F-9322-462F-8EB8-52D5CC27998E}.Release|Any CPU.ActiveCfg = Release|Any CPU
		{9DD79D3F-9322-462F-8EB8-52D5CC27998E}.Release|Any CPU.Build.0 = Release|Any CPU
		{9DD79D3F-9322-462F-8EB8-52D5CC27998E}.Release|x64.ActiveCfg = Release|Any CPU
		{9DD79D3F-9322-462F-8EB8-52D5CC27998E}.Release|x64.Build.0 = Release|Any CPU
		{9DD79D3F-9322-462F-8EB8-52D5CC27998E}.Release|x86.ActiveCfg = Release|Any CPU
		{9DD79D3F-9322-462F-8EB8-52D5CC27998E}.Release|x86.Build.0 = Release|Any CPU
		{6CCADE6E-3386-4615-8B91-0BA56F07C74B}.Debug|Any CPU.ActiveCfg = Debug|Any CPU
		{6CCADE6E-3386-4615-8B91-0BA56F07C74B}.Debug|Any CPU.Build.0 = Debug|Any CPU
		{6CCADE6E-3386-4615-8B91-0BA56F07C74B}.Debug|x64.ActiveCfg = Debug|Any CPU
		{6CCADE6E-3386-4615-8B91-0BA56F07C74B}.Debug|x64.Build.0 = Debug|Any CPU
		{6CCADE6E-3386-4615-8B91-0BA56F07C74B}.Debug|x86.ActiveCfg = Debug|Any CPU
		{6CCADE6E-3386-4615-8B91-0BA56F07C74B}.Debug|x86.Build.0 = Debug|Any CPU
		{6CCADE6E-3386-4615-8B91-0BA56F07C74B}.Release|Any CPU.ActiveCfg = Release|Any CPU
		{6CCADE6E-3386-4615-8B91-0BA56F07C74B}.Release|Any CPU.Build.0 = Release|Any CPU
		{6CCADE6E-3386-4615-8B91-0BA56F07C74B}.Release|x64.ActiveCfg = Release|Any CPU
		{6CCADE6E-3386-4615-8B91-0BA56F07C74B}.Release|x64.Build.0 = Release|Any CPU
		{6CCADE6E-3386-4615-8B91-0BA56F07C74B}.Release|x86.ActiveCfg = Release|Any CPU
		{6CCADE6E-3386-4615-8B91-0BA56F07C74B}.Release|x86.Build.0 = Release|Any CPU
		{514F5AAF-C965-4BF4-882E-4D79CB747C6C}.Debug|Any CPU.ActiveCfg = Debug|Any CPU
		{514F5AAF-C965-4BF4-882E-4D79CB747C6C}.Debug|Any CPU.Build.0 = Debug|Any CPU
		{514F5AAF-C965-4BF4-882E-4D79CB747C6C}.Debug|x64.ActiveCfg = Debug|Any CPU
		{514F5AAF-C965-4BF4-882E-4D79CB747C6C}.Debug|x64.Build.0 = Debug|Any CPU
		{514F5AAF-C965-4BF4-882E-4D79CB747C6C}.Debug|x86.ActiveCfg = Debug|Any CPU
		{514F5AAF-C965-4BF4-882E-4D79CB747C6C}.Debug|x86.Build.0 = Debug|Any CPU
		{514F5AAF-C965-4BF4-882E-4D79CB747C6C}.Release|Any CPU.ActiveCfg = Release|Any CPU
		{514F5AAF-C965-4BF4-882E-4D79CB747C6C}.Release|Any CPU.Build.0 = Release|Any CPU
		{514F5AAF-C965-4BF4-882E-4D79CB747C6C}.Release|x64.ActiveCfg = Release|Any CPU
		{514F5AAF-C965-4BF4-882E-4D79CB747C6C}.Release|x64.Build.0 = Release|Any CPU
		{514F5AAF-C965-4BF4-882E-4D79CB747C6C}.Release|x86.ActiveCfg = Release|Any CPU
		{514F5AAF-C965-4BF4-882E-4D79CB747C6C}.Release|x86.Build.0 = Release|Any CPU
		{E0B80994-0162-4647-8572-F9F626FE8A54}.Debug|Any CPU.ActiveCfg = Debug|Any CPU
		{E0B80994-0162-4647-8572-F9F626FE8A54}.Debug|Any CPU.Build.0 = Debug|Any CPU
		{E0B80994-0162-4647-8572-F9F626FE8A54}.Debug|x64.ActiveCfg = Debug|Any CPU
		{E0B80994-0162-4647-8572-F9F626FE8A54}.Debug|x64.Build.0 = Debug|Any CPU
		{E0B80994-0162-4647-8572-F9F626FE8A54}.Debug|x86.ActiveCfg = Debug|Any CPU
		{E0B80994-0162-4647-8572-F9F626FE8A54}.Debug|x86.Build.0 = Debug|Any CPU
		{E0B80994-0162-4647-8572-F9F626FE8A54}.Release|Any CPU.ActiveCfg = Release|Any CPU
		{E0B80994-0162-4647-8572-F9F626FE8A54}.Release|Any CPU.Build.0 = Release|Any CPU
		{E0B80994-0162-4647-8572-F9F626FE8A54}.Release|x64.ActiveCfg = Release|Any CPU
		{E0B80994-0162-4647-8572-F9F626FE8A54}.Release|x64.Build.0 = Release|Any CPU
		{E0B80994-0162-4647-8572-F9F626FE8A54}.Release|x86.ActiveCfg = Release|Any CPU
		{E0B80994-0162-4647-8572-F9F626FE8A54}.Release|x86.Build.0 = Release|Any CPU
		{3B544A2B-0AC8-4D17-9BC4-9988DA751E1F}.Debug|Any CPU.ActiveCfg = Debug|Any CPU
		{3B544A2B-0AC8-4D17-9BC4-9988DA751E1F}.Debug|Any CPU.Build.0 = Debug|Any CPU
		{3B544A2B-0AC8-4D17-9BC4-9988DA751E1F}.Debug|x64.ActiveCfg = Debug|Any CPU
		{3B544A2B-0AC8-4D17-9BC4-9988DA751E1F}.Debug|x64.Build.0 = Debug|Any CPU
		{3B544A2B-0AC8-4D17-9BC4-9988DA751E1F}.Debug|x86.ActiveCfg = Debug|Any CPU
		{3B544A2B-0AC8-4D17-9BC4-9988DA751E1F}.Debug|x86.Build.0 = Debug|Any CPU
		{3B544A2B-0AC8-4D17-9BC4-9988DA751E1F}.Release|Any CPU.ActiveCfg = Release|Any CPU
		{3B544A2B-0AC8-4D17-9BC4-9988DA751E1F}.Release|Any CPU.Build.0 = Release|Any CPU
		{3B544A2B-0AC8-4D17-9BC4-9988DA751E1F}.Release|x64.ActiveCfg = Release|Any CPU
		{3B544A2B-0AC8-4D17-9BC4-9988DA751E1F}.Release|x64.Build.0 = Release|Any CPU
		{3B544A2B-0AC8-4D17-9BC4-9988DA751E1F}.Release|x86.ActiveCfg = Release|Any CPU
		{3B544A2B-0AC8-4D17-9BC4-9988DA751E1F}.Release|x86.Build.0 = Release|Any CPU
		{3DF68050-93C1-46ED-9395-6E5A30574A03}.Debug|Any CPU.ActiveCfg = Debug|Any CPU
		{3DF68050-93C1-46ED-9395-6E5A30574A03}.Debug|Any CPU.Build.0 = Debug|Any CPU
		{3DF68050-93C1-46ED-9395-6E5A30574A03}.Debug|x64.ActiveCfg = Debug|Any CPU
		{3DF68050-93C1-46ED-9395-6E5A30574A03}.Debug|x64.Build.0 = Debug|Any CPU
		{3DF68050-93C1-46ED-9395-6E5A30574A03}.Debug|x86.ActiveCfg = Debug|Any CPU
		{3DF68050-93C1-46ED-9395-6E5A30574A03}.Debug|x86.Build.0 = Debug|Any CPU
		{3DF68050-93C1-46ED-9395-6E5A30574A03}.Release|Any CPU.ActiveCfg = Release|Any CPU
		{3DF68050-93C1-46ED-9395-6E5A30574A03}.Release|Any CPU.Build.0 = Release|Any CPU
		{3DF68050-93C1-46ED-9395-6E5A30574A03}.Release|x64.ActiveCfg = Release|Any CPU
		{3DF68050-93C1-46ED-9395-6E5A30574A03}.Release|x64.Build.0 = Release|Any CPU
		{3DF68050-93C1-46ED-9395-6E5A30574A03}.Release|x86.ActiveCfg = Release|Any CPU
		{3DF68050-93C1-46ED-9395-6E5A30574A03}.Release|x86.Build.0 = Release|Any CPU
		{9704DA26-3581-4CEF-9855-78DE964A5245}.Debug|Any CPU.ActiveCfg = Debug|Any CPU
		{9704DA26-3581-4CEF-9855-78DE964A5245}.Debug|Any CPU.Build.0 = Debug|Any CPU
		{9704DA26-3581-4CEF-9855-78DE964A5245}.Debug|x64.ActiveCfg = Debug|Any CPU
		{9704DA26-3581-4CEF-9855-78DE964A5245}.Debug|x64.Build.0 = Debug|Any CPU
		{9704DA26-3581-4CEF-9855-78DE964A5245}.Debug|x86.ActiveCfg = Debug|Any CPU
		{9704DA26-3581-4CEF-9855-78DE964A5245}.Debug|x86.Build.0 = Debug|Any CPU
		{9704DA26-3581-4CEF-9855-78DE964A5245}.Release|Any CPU.ActiveCfg = Release|Any CPU
		{9704DA26-3581-4CEF-9855-78DE964A5245}.Release|Any CPU.Build.0 = Release|Any CPU
		{9704DA26-3581-4CEF-9855-78DE964A5245}.Release|x64.ActiveCfg = Release|Any CPU
		{9704DA26-3581-4CEF-9855-78DE964A5245}.Release|x64.Build.0 = Release|Any CPU
		{9704DA26-3581-4CEF-9855-78DE964A5245}.Release|x86.ActiveCfg = Release|Any CPU
		{9704DA26-3581-4CEF-9855-78DE964A5245}.Release|x86.Build.0 = Release|Any CPU
		{366B47BF-8359-4BA2-8E25-0C341FD612E4}.Debug|Any CPU.ActiveCfg = Debug|Any CPU
		{366B47BF-8359-4BA2-8E25-0C341FD612E4}.Debug|Any CPU.Build.0 = Debug|Any CPU
		{366B47BF-8359-4BA2-8E25-0C341FD612E4}.Debug|x64.ActiveCfg = Debug|Any CPU
		{366B47BF-8359-4BA2-8E25-0C341FD612E4}.Debug|x64.Build.0 = Debug|Any CPU
		{366B47BF-8359-4BA2-8E25-0C341FD612E4}.Debug|x86.ActiveCfg = Debug|Any CPU
		{366B47BF-8359-4BA2-8E25-0C341FD612E4}.Debug|x86.Build.0 = Debug|Any CPU
		{366B47BF-8359-4BA2-8E25-0C341FD612E4}.Release|Any CPU.ActiveCfg = Release|Any CPU
		{366B47BF-8359-4BA2-8E25-0C341FD612E4}.Release|Any CPU.Build.0 = Release|Any CPU
		{366B47BF-8359-4BA2-8E25-0C341FD612E4}.Release|x64.ActiveCfg = Release|Any CPU
		{366B47BF-8359-4BA2-8E25-0C341FD612E4}.Release|x64.Build.0 = Release|Any CPU
		{366B47BF-8359-4BA2-8E25-0C341FD612E4}.Release|x86.ActiveCfg = Release|Any CPU
		{366B47BF-8359-4BA2-8E25-0C341FD612E4}.Release|x86.Build.0 = Release|Any CPU
		{D0A744DE-DBA2-48A3-B04D-E9A5ED4D4EFA}.Debug|Any CPU.ActiveCfg = Debug|Any CPU
		{D0A744DE-DBA2-48A3-B04D-E9A5ED4D4EFA}.Debug|Any CPU.Build.0 = Debug|Any CPU
		{D0A744DE-DBA2-48A3-B04D-E9A5ED4D4EFA}.Debug|x64.ActiveCfg = Debug|Any CPU
		{D0A744DE-DBA2-48A3-B04D-E9A5ED4D4EFA}.Debug|x64.Build.0 = Debug|Any CPU
		{D0A744DE-DBA2-48A3-B04D-E9A5ED4D4EFA}.Debug|x86.ActiveCfg = Debug|Any CPU
		{D0A744DE-DBA2-48A3-B04D-E9A5ED4D4EFA}.Debug|x86.Build.0 = Debug|Any CPU
		{D0A744DE-DBA2-48A3-B04D-E9A5ED4D4EFA}.Release|Any CPU.ActiveCfg = Release|Any CPU
		{D0A744DE-DBA2-48A3-B04D-E9A5ED4D4EFA}.Release|Any CPU.Build.0 = Release|Any CPU
		{D0A744DE-DBA2-48A3-B04D-E9A5ED4D4EFA}.Release|x64.ActiveCfg = Release|Any CPU
		{D0A744DE-DBA2-48A3-B04D-E9A5ED4D4EFA}.Release|x64.Build.0 = Release|Any CPU
		{D0A744DE-DBA2-48A3-B04D-E9A5ED4D4EFA}.Release|x86.ActiveCfg = Release|Any CPU
		{D0A744DE-DBA2-48A3-B04D-E9A5ED4D4EFA}.Release|x86.Build.0 = Release|Any CPU
		{71C810EE-A367-40A5-99F1-25BECF7874B9}.Debug|Any CPU.ActiveCfg = Debug|Any CPU
		{71C810EE-A367-40A5-99F1-25BECF7874B9}.Debug|Any CPU.Build.0 = Debug|Any CPU
		{71C810EE-A367-40A5-99F1-25BECF7874B9}.Debug|x64.ActiveCfg = Debug|Any CPU
		{71C810EE-A367-40A5-99F1-25BECF7874B9}.Debug|x64.Build.0 = Debug|Any CPU
		{71C810EE-A367-40A5-99F1-25BECF7874B9}.Debug|x86.ActiveCfg = Debug|Any CPU
		{71C810EE-A367-40A5-99F1-25BECF7874B9}.Debug|x86.Build.0 = Debug|Any CPU
		{71C810EE-A367-40A5-99F1-25BECF7874B9}.Release|Any CPU.ActiveCfg = Release|Any CPU
		{71C810EE-A367-40A5-99F1-25BECF7874B9}.Release|Any CPU.Build.0 = Release|Any CPU
		{71C810EE-A367-40A5-99F1-25BECF7874B9}.Release|x64.ActiveCfg = Release|Any CPU
		{71C810EE-A367-40A5-99F1-25BECF7874B9}.Release|x64.Build.0 = Release|Any CPU
		{71C810EE-A367-40A5-99F1-25BECF7874B9}.Release|x86.ActiveCfg = Release|Any CPU
		{71C810EE-A367-40A5-99F1-25BECF7874B9}.Release|x86.Build.0 = Release|Any CPU
		{0A344C14-E4B3-49BF-BE89-163D3F63A936}.Debug|Any CPU.ActiveCfg = Debug|Any CPU
		{0A344C14-E4B3-49BF-BE89-163D3F63A936}.Debug|Any CPU.Build.0 = Debug|Any CPU
		{0A344C14-E4B3-49BF-BE89-163D3F63A936}.Debug|x64.ActiveCfg = Debug|Any CPU
		{0A344C14-E4B3-49BF-BE89-163D3F63A936}.Debug|x64.Build.0 = Debug|Any CPU
		{0A344C14-E4B3-49BF-BE89-163D3F63A936}.Debug|x86.ActiveCfg = Debug|Any CPU
		{0A344C14-E4B3-49BF-BE89-163D3F63A936}.Debug|x86.Build.0 = Debug|Any CPU
		{0A344C14-E4B3-49BF-BE89-163D3F63A936}.Release|Any CPU.ActiveCfg = Release|Any CPU
		{0A344C14-E4B3-49BF-BE89-163D3F63A936}.Release|Any CPU.Build.0 = Release|Any CPU
		{0A344C14-E4B3-49BF-BE89-163D3F63A936}.Release|x64.ActiveCfg = Release|Any CPU
		{0A344C14-E4B3-49BF-BE89-163D3F63A936}.Release|x64.Build.0 = Release|Any CPU
		{0A344C14-E4B3-49BF-BE89-163D3F63A936}.Release|x86.ActiveCfg = Release|Any CPU
		{0A344C14-E4B3-49BF-BE89-163D3F63A936}.Release|x86.Build.0 = Release|Any CPU
		{754642C0-5400-4CEE-85DF-456CCC9FF7A5}.Debug|Any CPU.ActiveCfg = Debug|Any CPU
		{754642C0-5400-4CEE-85DF-456CCC9FF7A5}.Debug|Any CPU.Build.0 = Debug|Any CPU
		{754642C0-5400-4CEE-85DF-456CCC9FF7A5}.Debug|x64.ActiveCfg = Debug|Any CPU
		{754642C0-5400-4CEE-85DF-456CCC9FF7A5}.Debug|x64.Build.0 = Debug|Any CPU
		{754642C0-5400-4CEE-85DF-456CCC9FF7A5}.Debug|x86.ActiveCfg = Debug|Any CPU
		{754642C0-5400-4CEE-85DF-456CCC9FF7A5}.Debug|x86.Build.0 = Debug|Any CPU
		{754642C0-5400-4CEE-85DF-456CCC9FF7A5}.Release|Any CPU.ActiveCfg = Release|Any CPU
		{754642C0-5400-4CEE-85DF-456CCC9FF7A5}.Release|Any CPU.Build.0 = Release|Any CPU
		{754642C0-5400-4CEE-85DF-456CCC9FF7A5}.Release|x64.ActiveCfg = Release|Any CPU
		{754642C0-5400-4CEE-85DF-456CCC9FF7A5}.Release|x64.Build.0 = Release|Any CPU
		{754642C0-5400-4CEE-85DF-456CCC9FF7A5}.Release|x86.ActiveCfg = Release|Any CPU
		{754642C0-5400-4CEE-85DF-456CCC9FF7A5}.Release|x86.Build.0 = Release|Any CPU
		{D7C70BB5-FBDF-4430-8DC6-AD997752769F}.Debug|Any CPU.ActiveCfg = Debug|Any CPU
		{D7C70BB5-FBDF-4430-8DC6-AD997752769F}.Debug|Any CPU.Build.0 = Debug|Any CPU
		{D7C70BB5-FBDF-4430-8DC6-AD997752769F}.Debug|x64.ActiveCfg = Debug|Any CPU
		{D7C70BB5-FBDF-4430-8DC6-AD997752769F}.Debug|x64.Build.0 = Debug|Any CPU
		{D7C70BB5-FBDF-4430-8DC6-AD997752769F}.Debug|x86.ActiveCfg = Debug|Any CPU
		{D7C70BB5-FBDF-4430-8DC6-AD997752769F}.Debug|x86.Build.0 = Debug|Any CPU
		{D7C70BB5-FBDF-4430-8DC6-AD997752769F}.Release|Any CPU.ActiveCfg = Release|Any CPU
		{D7C70BB5-FBDF-4430-8DC6-AD997752769F}.Release|Any CPU.Build.0 = Release|Any CPU
		{D7C70BB5-FBDF-4430-8DC6-AD997752769F}.Release|x64.ActiveCfg = Release|Any CPU
		{D7C70BB5-FBDF-4430-8DC6-AD997752769F}.Release|x64.Build.0 = Release|Any CPU
		{D7C70BB5-FBDF-4430-8DC6-AD997752769F}.Release|x86.ActiveCfg = Release|Any CPU
		{D7C70BB5-FBDF-4430-8DC6-AD997752769F}.Release|x86.Build.0 = Release|Any CPU
		{1A7CA396-3612-4E95-B90C-28F6663550C5}.Debug|Any CPU.ActiveCfg = Debug|Any CPU
		{1A7CA396-3612-4E95-B90C-28F6663550C5}.Debug|Any CPU.Build.0 = Debug|Any CPU
		{1A7CA396-3612-4E95-B90C-28F6663550C5}.Debug|x64.ActiveCfg = Debug|Any CPU
		{1A7CA396-3612-4E95-B90C-28F6663550C5}.Debug|x64.Build.0 = Debug|Any CPU
		{1A7CA396-3612-4E95-B90C-28F6663550C5}.Debug|x86.ActiveCfg = Debug|Any CPU
		{1A7CA396-3612-4E95-B90C-28F6663550C5}.Debug|x86.Build.0 = Debug|Any CPU
		{1A7CA396-3612-4E95-B90C-28F6663550C5}.Release|Any CPU.ActiveCfg = Release|Any CPU
		{1A7CA396-3612-4E95-B90C-28F6663550C5}.Release|Any CPU.Build.0 = Release|Any CPU
		{1A7CA396-3612-4E95-B90C-28F6663550C5}.Release|x64.ActiveCfg = Release|Any CPU
		{1A7CA396-3612-4E95-B90C-28F6663550C5}.Release|x64.Build.0 = Release|Any CPU
		{1A7CA396-3612-4E95-B90C-28F6663550C5}.Release|x86.ActiveCfg = Release|Any CPU
		{1A7CA396-3612-4E95-B90C-28F6663550C5}.Release|x86.Build.0 = Release|Any CPU
		{BB2201F1-0D4A-4BF7-B384-B6C291CE56B7}.Debug|Any CPU.ActiveCfg = Debug|Any CPU
		{BB2201F1-0D4A-4BF7-B384-B6C291CE56B7}.Debug|Any CPU.Build.0 = Debug|Any CPU
		{BB2201F1-0D4A-4BF7-B384-B6C291CE56B7}.Debug|x64.ActiveCfg = Debug|Any CPU
		{BB2201F1-0D4A-4BF7-B384-B6C291CE56B7}.Debug|x64.Build.0 = Debug|Any CPU
		{BB2201F1-0D4A-4BF7-B384-B6C291CE56B7}.Debug|x86.ActiveCfg = Debug|Any CPU
		{BB2201F1-0D4A-4BF7-B384-B6C291CE56B7}.Debug|x86.Build.0 = Debug|Any CPU
		{BB2201F1-0D4A-4BF7-B384-B6C291CE56B7}.Release|Any CPU.ActiveCfg = Release|Any CPU
		{BB2201F1-0D4A-4BF7-B384-B6C291CE56B7}.Release|Any CPU.Build.0 = Release|Any CPU
		{BB2201F1-0D4A-4BF7-B384-B6C291CE56B7}.Release|x64.ActiveCfg = Release|Any CPU
		{BB2201F1-0D4A-4BF7-B384-B6C291CE56B7}.Release|x64.Build.0 = Release|Any CPU
		{BB2201F1-0D4A-4BF7-B384-B6C291CE56B7}.Release|x86.ActiveCfg = Release|Any CPU
		{BB2201F1-0D4A-4BF7-B384-B6C291CE56B7}.Release|x86.Build.0 = Release|Any CPU
		{9A0A94DA-5976-447C-BA9A-57653C9155A0}.Debug|Any CPU.ActiveCfg = Debug|Any CPU
		{9A0A94DA-5976-447C-BA9A-57653C9155A0}.Debug|Any CPU.Build.0 = Debug|Any CPU
		{9A0A94DA-5976-447C-BA9A-57653C9155A0}.Debug|x64.ActiveCfg = Debug|Any CPU
		{9A0A94DA-5976-447C-BA9A-57653C9155A0}.Debug|x64.Build.0 = Debug|Any CPU
		{9A0A94DA-5976-447C-BA9A-57653C9155A0}.Debug|x86.ActiveCfg = Debug|Any CPU
		{9A0A94DA-5976-447C-BA9A-57653C9155A0}.Debug|x86.Build.0 = Debug|Any CPU
		{9A0A94DA-5976-447C-BA9A-57653C9155A0}.Release|Any CPU.ActiveCfg = Release|Any CPU
		{9A0A94DA-5976-447C-BA9A-57653C9155A0}.Release|Any CPU.Build.0 = Release|Any CPU
		{9A0A94DA-5976-447C-BA9A-57653C9155A0}.Release|x64.ActiveCfg = Release|Any CPU
		{9A0A94DA-5976-447C-BA9A-57653C9155A0}.Release|x64.Build.0 = Release|Any CPU
		{9A0A94DA-5976-447C-BA9A-57653C9155A0}.Release|x86.ActiveCfg = Release|Any CPU
		{9A0A94DA-5976-447C-BA9A-57653C9155A0}.Release|x86.Build.0 = Release|Any CPU
		{A2E06AA2-1538-43E7-B151-6EC0AC09AE03}.Debug|Any CPU.ActiveCfg = Debug|Any CPU
		{A2E06AA2-1538-43E7-B151-6EC0AC09AE03}.Debug|Any CPU.Build.0 = Debug|Any CPU
		{A2E06AA2-1538-43E7-B151-6EC0AC09AE03}.Debug|x64.ActiveCfg = Debug|Any CPU
		{A2E06AA2-1538-43E7-B151-6EC0AC09AE03}.Debug|x64.Build.0 = Debug|Any CPU
		{A2E06AA2-1538-43E7-B151-6EC0AC09AE03}.Debug|x86.ActiveCfg = Debug|Any CPU
		{A2E06AA2-1538-43E7-B151-6EC0AC09AE03}.Debug|x86.Build.0 = Debug|Any CPU
		{A2E06AA2-1538-43E7-B151-6EC0AC09AE03}.Release|Any CPU.ActiveCfg = Release|Any CPU
		{A2E06AA2-1538-43E7-B151-6EC0AC09AE03}.Release|Any CPU.Build.0 = Release|Any CPU
		{A2E06AA2-1538-43E7-B151-6EC0AC09AE03}.Release|x64.ActiveCfg = Release|Any CPU
		{A2E06AA2-1538-43E7-B151-6EC0AC09AE03}.Release|x64.Build.0 = Release|Any CPU
		{A2E06AA2-1538-43E7-B151-6EC0AC09AE03}.Release|x86.ActiveCfg = Release|Any CPU
		{A2E06AA2-1538-43E7-B151-6EC0AC09AE03}.Release|x86.Build.0 = Release|Any CPU
		{3076C810-47DB-42F9-BF58-1CEC7C08393B}.Debug|Any CPU.ActiveCfg = Debug|Any CPU
		{3076C810-47DB-42F9-BF58-1CEC7C08393B}.Debug|Any CPU.Build.0 = Debug|Any CPU
		{3076C810-47DB-42F9-BF58-1CEC7C08393B}.Debug|x64.ActiveCfg = Debug|Any CPU
		{3076C810-47DB-42F9-BF58-1CEC7C08393B}.Debug|x64.Build.0 = Debug|Any CPU
		{3076C810-47DB-42F9-BF58-1CEC7C08393B}.Debug|x86.ActiveCfg = Debug|Any CPU
		{3076C810-47DB-42F9-BF58-1CEC7C08393B}.Debug|x86.Build.0 = Debug|Any CPU
		{3076C810-47DB-42F9-BF58-1CEC7C08393B}.Release|Any CPU.ActiveCfg = Release|Any CPU
		{3076C810-47DB-42F9-BF58-1CEC7C08393B}.Release|Any CPU.Build.0 = Release|Any CPU
		{3076C810-47DB-42F9-BF58-1CEC7C08393B}.Release|x64.ActiveCfg = Release|Any CPU
		{3076C810-47DB-42F9-BF58-1CEC7C08393B}.Release|x64.Build.0 = Release|Any CPU
		{3076C810-47DB-42F9-BF58-1CEC7C08393B}.Release|x86.ActiveCfg = Release|Any CPU
		{3076C810-47DB-42F9-BF58-1CEC7C08393B}.Release|x86.Build.0 = Release|Any CPU
		{C2A2D83B-D5AF-4A60-B850-F8F721EE3C7C}.Debug|Any CPU.ActiveCfg = Debug|Any CPU
		{C2A2D83B-D5AF-4A60-B850-F8F721EE3C7C}.Debug|Any CPU.Build.0 = Debug|Any CPU
		{C2A2D83B-D5AF-4A60-B850-F8F721EE3C7C}.Debug|x64.ActiveCfg = Debug|Any CPU
		{C2A2D83B-D5AF-4A60-B850-F8F721EE3C7C}.Debug|x64.Build.0 = Debug|Any CPU
		{C2A2D83B-D5AF-4A60-B850-F8F721EE3C7C}.Debug|x86.ActiveCfg = Debug|Any CPU
		{C2A2D83B-D5AF-4A60-B850-F8F721EE3C7C}.Debug|x86.Build.0 = Debug|Any CPU
		{C2A2D83B-D5AF-4A60-B850-F8F721EE3C7C}.Release|Any CPU.ActiveCfg = Release|Any CPU
		{C2A2D83B-D5AF-4A60-B850-F8F721EE3C7C}.Release|Any CPU.Build.0 = Release|Any CPU
		{C2A2D83B-D5AF-4A60-B850-F8F721EE3C7C}.Release|x64.ActiveCfg = Release|Any CPU
		{C2A2D83B-D5AF-4A60-B850-F8F721EE3C7C}.Release|x64.Build.0 = Release|Any CPU
		{C2A2D83B-D5AF-4A60-B850-F8F721EE3C7C}.Release|x86.ActiveCfg = Release|Any CPU
		{C2A2D83B-D5AF-4A60-B850-F8F721EE3C7C}.Release|x86.Build.0 = Release|Any CPU
		{517CC6BF-14AC-4E0D-8637-A1F1405B2A44}.Debug|Any CPU.ActiveCfg = Debug|Any CPU
		{517CC6BF-14AC-4E0D-8637-A1F1405B2A44}.Debug|Any CPU.Build.0 = Debug|Any CPU
		{517CC6BF-14AC-4E0D-8637-A1F1405B2A44}.Debug|x64.ActiveCfg = Debug|Any CPU
		{517CC6BF-14AC-4E0D-8637-A1F1405B2A44}.Debug|x64.Build.0 = Debug|Any CPU
		{517CC6BF-14AC-4E0D-8637-A1F1405B2A44}.Debug|x86.ActiveCfg = Debug|Any CPU
		{517CC6BF-14AC-4E0D-8637-A1F1405B2A44}.Debug|x86.Build.0 = Debug|Any CPU
		{517CC6BF-14AC-4E0D-8637-A1F1405B2A44}.Release|Any CPU.ActiveCfg = Release|Any CPU
		{517CC6BF-14AC-4E0D-8637-A1F1405B2A44}.Release|Any CPU.Build.0 = Release|Any CPU
		{517CC6BF-14AC-4E0D-8637-A1F1405B2A44}.Release|x64.ActiveCfg = Release|Any CPU
		{517CC6BF-14AC-4E0D-8637-A1F1405B2A44}.Release|x64.Build.0 = Release|Any CPU
		{517CC6BF-14AC-4E0D-8637-A1F1405B2A44}.Release|x86.ActiveCfg = Release|Any CPU
		{517CC6BF-14AC-4E0D-8637-A1F1405B2A44}.Release|x86.Build.0 = Release|Any CPU
		{FCEB0B23-7570-4F45-857B-E2B3E227FC71}.Debug|Any CPU.ActiveCfg = Debug|Any CPU
		{FCEB0B23-7570-4F45-857B-E2B3E227FC71}.Debug|Any CPU.Build.0 = Debug|Any CPU
		{FCEB0B23-7570-4F45-857B-E2B3E227FC71}.Debug|x64.ActiveCfg = Debug|Any CPU
		{FCEB0B23-7570-4F45-857B-E2B3E227FC71}.Debug|x64.Build.0 = Debug|Any CPU
		{FCEB0B23-7570-4F45-857B-E2B3E227FC71}.Debug|x86.ActiveCfg = Debug|Any CPU
		{FCEB0B23-7570-4F45-857B-E2B3E227FC71}.Debug|x86.Build.0 = Debug|Any CPU
		{FCEB0B23-7570-4F45-857B-E2B3E227FC71}.Release|Any CPU.ActiveCfg = Release|Any CPU
		{FCEB0B23-7570-4F45-857B-E2B3E227FC71}.Release|Any CPU.Build.0 = Release|Any CPU
		{FCEB0B23-7570-4F45-857B-E2B3E227FC71}.Release|x64.ActiveCfg = Release|Any CPU
		{FCEB0B23-7570-4F45-857B-E2B3E227FC71}.Release|x64.Build.0 = Release|Any CPU
		{FCEB0B23-7570-4F45-857B-E2B3E227FC71}.Release|x86.ActiveCfg = Release|Any CPU
		{FCEB0B23-7570-4F45-857B-E2B3E227FC71}.Release|x86.Build.0 = Release|Any CPU
		{50417E39-11A0-4014-8462-F23BE7F927F5}.Debug|Any CPU.ActiveCfg = Debug|Any CPU
		{50417E39-11A0-4014-8462-F23BE7F927F5}.Debug|Any CPU.Build.0 = Debug|Any CPU
		{50417E39-11A0-4014-8462-F23BE7F927F5}.Debug|x64.ActiveCfg = Debug|Any CPU
		{50417E39-11A0-4014-8462-F23BE7F927F5}.Debug|x64.Build.0 = Debug|Any CPU
		{50417E39-11A0-4014-8462-F23BE7F927F5}.Debug|x86.ActiveCfg = Debug|Any CPU
		{50417E39-11A0-4014-8462-F23BE7F927F5}.Debug|x86.Build.0 = Debug|Any CPU
		{50417E39-11A0-4014-8462-F23BE7F927F5}.Release|Any CPU.ActiveCfg = Release|Any CPU
		{50417E39-11A0-4014-8462-F23BE7F927F5}.Release|Any CPU.Build.0 = Release|Any CPU
		{50417E39-11A0-4014-8462-F23BE7F927F5}.Release|x64.ActiveCfg = Release|Any CPU
		{50417E39-11A0-4014-8462-F23BE7F927F5}.Release|x64.Build.0 = Release|Any CPU
		{50417E39-11A0-4014-8462-F23BE7F927F5}.Release|x86.ActiveCfg = Release|Any CPU
		{50417E39-11A0-4014-8462-F23BE7F927F5}.Release|x86.Build.0 = Release|Any CPU
		{690A5327-91F5-40F8-887C-8FECE80BFA4D}.Debug|Any CPU.ActiveCfg = Debug|Any CPU
		{690A5327-91F5-40F8-887C-8FECE80BFA4D}.Debug|Any CPU.Build.0 = Debug|Any CPU
		{690A5327-91F5-40F8-887C-8FECE80BFA4D}.Debug|x64.ActiveCfg = Debug|Any CPU
		{690A5327-91F5-40F8-887C-8FECE80BFA4D}.Debug|x64.Build.0 = Debug|Any CPU
		{690A5327-91F5-40F8-887C-8FECE80BFA4D}.Debug|x86.ActiveCfg = Debug|Any CPU
		{690A5327-91F5-40F8-887C-8FECE80BFA4D}.Debug|x86.Build.0 = Debug|Any CPU
		{690A5327-91F5-40F8-887C-8FECE80BFA4D}.Release|Any CPU.ActiveCfg = Release|Any CPU
		{690A5327-91F5-40F8-887C-8FECE80BFA4D}.Release|Any CPU.Build.0 = Release|Any CPU
		{690A5327-91F5-40F8-887C-8FECE80BFA4D}.Release|x64.ActiveCfg = Release|Any CPU
		{690A5327-91F5-40F8-887C-8FECE80BFA4D}.Release|x64.Build.0 = Release|Any CPU
		{690A5327-91F5-40F8-887C-8FECE80BFA4D}.Release|x86.ActiveCfg = Release|Any CPU
		{690A5327-91F5-40F8-887C-8FECE80BFA4D}.Release|x86.Build.0 = Release|Any CPU
		{678BFA00-82A0-453D-BFCD-EA455D5BF8B0}.Debug|Any CPU.ActiveCfg = Debug|Any CPU
		{678BFA00-82A0-453D-BFCD-EA455D5BF8B0}.Debug|Any CPU.Build.0 = Debug|Any CPU
		{678BFA00-82A0-453D-BFCD-EA455D5BF8B0}.Debug|x64.ActiveCfg = Debug|Any CPU
		{678BFA00-82A0-453D-BFCD-EA455D5BF8B0}.Debug|x64.Build.0 = Debug|Any CPU
		{678BFA00-82A0-453D-BFCD-EA455D5BF8B0}.Debug|x86.ActiveCfg = Debug|Any CPU
		{678BFA00-82A0-453D-BFCD-EA455D5BF8B0}.Debug|x86.Build.0 = Debug|Any CPU
		{678BFA00-82A0-453D-BFCD-EA455D5BF8B0}.Release|Any CPU.ActiveCfg = Release|Any CPU
		{678BFA00-82A0-453D-BFCD-EA455D5BF8B0}.Release|Any CPU.Build.0 = Release|Any CPU
		{678BFA00-82A0-453D-BFCD-EA455D5BF8B0}.Release|x64.ActiveCfg = Release|Any CPU
		{678BFA00-82A0-453D-BFCD-EA455D5BF8B0}.Release|x64.Build.0 = Release|Any CPU
		{678BFA00-82A0-453D-BFCD-EA455D5BF8B0}.Release|x86.ActiveCfg = Release|Any CPU
		{678BFA00-82A0-453D-BFCD-EA455D5BF8B0}.Release|x86.Build.0 = Release|Any CPU
		{43542B45-3725-413E-BC2F-A002934C4DD0}.Debug|Any CPU.ActiveCfg = Debug|Any CPU
		{43542B45-3725-413E-BC2F-A002934C4DD0}.Debug|Any CPU.Build.0 = Debug|Any CPU
		{43542B45-3725-413E-BC2F-A002934C4DD0}.Debug|x64.ActiveCfg = Debug|Any CPU
		{43542B45-3725-413E-BC2F-A002934C4DD0}.Debug|x64.Build.0 = Debug|Any CPU
		{43542B45-3725-413E-BC2F-A002934C4DD0}.Debug|x86.ActiveCfg = Debug|Any CPU
		{43542B45-3725-413E-BC2F-A002934C4DD0}.Debug|x86.Build.0 = Debug|Any CPU
		{43542B45-3725-413E-BC2F-A002934C4DD0}.Release|Any CPU.ActiveCfg = Release|Any CPU
		{43542B45-3725-413E-BC2F-A002934C4DD0}.Release|Any CPU.Build.0 = Release|Any CPU
		{43542B45-3725-413E-BC2F-A002934C4DD0}.Release|x64.ActiveCfg = Release|Any CPU
		{43542B45-3725-413E-BC2F-A002934C4DD0}.Release|x64.Build.0 = Release|Any CPU
		{43542B45-3725-413E-BC2F-A002934C4DD0}.Release|x86.ActiveCfg = Release|Any CPU
		{43542B45-3725-413E-BC2F-A002934C4DD0}.Release|x86.Build.0 = Release|Any CPU
		{622B113C-6F87-4853-92D9-93681857449D}.Debug|Any CPU.ActiveCfg = Debug|Any CPU
		{622B113C-6F87-4853-92D9-93681857449D}.Debug|Any CPU.Build.0 = Debug|Any CPU
		{622B113C-6F87-4853-92D9-93681857449D}.Debug|x64.ActiveCfg = Debug|Any CPU
		{622B113C-6F87-4853-92D9-93681857449D}.Debug|x64.Build.0 = Debug|Any CPU
		{622B113C-6F87-4853-92D9-93681857449D}.Debug|x86.ActiveCfg = Debug|Any CPU
		{622B113C-6F87-4853-92D9-93681857449D}.Debug|x86.Build.0 = Debug|Any CPU
		{622B113C-6F87-4853-92D9-93681857449D}.Release|Any CPU.ActiveCfg = Release|Any CPU
		{622B113C-6F87-4853-92D9-93681857449D}.Release|Any CPU.Build.0 = Release|Any CPU
		{622B113C-6F87-4853-92D9-93681857449D}.Release|x64.ActiveCfg = Release|Any CPU
		{622B113C-6F87-4853-92D9-93681857449D}.Release|x64.Build.0 = Release|Any CPU
		{622B113C-6F87-4853-92D9-93681857449D}.Release|x86.ActiveCfg = Release|Any CPU
		{622B113C-6F87-4853-92D9-93681857449D}.Release|x86.Build.0 = Release|Any CPU
		{49E29BDE-47C6-429E-B1B5-23C5516927E0}.Debug|Any CPU.ActiveCfg = Debug|Any CPU
		{49E29BDE-47C6-429E-B1B5-23C5516927E0}.Debug|Any CPU.Build.0 = Debug|Any CPU
		{49E29BDE-47C6-429E-B1B5-23C5516927E0}.Debug|x64.ActiveCfg = Debug|Any CPU
		{49E29BDE-47C6-429E-B1B5-23C5516927E0}.Debug|x64.Build.0 = Debug|Any CPU
		{49E29BDE-47C6-429E-B1B5-23C5516927E0}.Debug|x86.ActiveCfg = Debug|Any CPU
		{49E29BDE-47C6-429E-B1B5-23C5516927E0}.Debug|x86.Build.0 = Debug|Any CPU
		{49E29BDE-47C6-429E-B1B5-23C5516927E0}.Release|Any CPU.ActiveCfg = Release|Any CPU
		{49E29BDE-47C6-429E-B1B5-23C5516927E0}.Release|Any CPU.Build.0 = Release|Any CPU
		{49E29BDE-47C6-429E-B1B5-23C5516927E0}.Release|x64.ActiveCfg = Release|Any CPU
		{49E29BDE-47C6-429E-B1B5-23C5516927E0}.Release|x64.Build.0 = Release|Any CPU
		{49E29BDE-47C6-429E-B1B5-23C5516927E0}.Release|x86.ActiveCfg = Release|Any CPU
		{49E29BDE-47C6-429E-B1B5-23C5516927E0}.Release|x86.Build.0 = Release|Any CPU
		{59B24F06-6197-4172-863F-F31742CFF618}.Debug|Any CPU.ActiveCfg = Debug|Any CPU
		{59B24F06-6197-4172-863F-F31742CFF618}.Debug|Any CPU.Build.0 = Debug|Any CPU
		{59B24F06-6197-4172-863F-F31742CFF618}.Debug|x64.ActiveCfg = Debug|Any CPU
		{59B24F06-6197-4172-863F-F31742CFF618}.Debug|x64.Build.0 = Debug|Any CPU
		{59B24F06-6197-4172-863F-F31742CFF618}.Debug|x86.ActiveCfg = Debug|Any CPU
		{59B24F06-6197-4172-863F-F31742CFF618}.Debug|x86.Build.0 = Debug|Any CPU
		{59B24F06-6197-4172-863F-F31742CFF618}.Release|Any CPU.ActiveCfg = Release|Any CPU
		{59B24F06-6197-4172-863F-F31742CFF618}.Release|Any CPU.Build.0 = Release|Any CPU
		{59B24F06-6197-4172-863F-F31742CFF618}.Release|x64.ActiveCfg = Release|Any CPU
		{59B24F06-6197-4172-863F-F31742CFF618}.Release|x64.Build.0 = Release|Any CPU
		{59B24F06-6197-4172-863F-F31742CFF618}.Release|x86.ActiveCfg = Release|Any CPU
		{59B24F06-6197-4172-863F-F31742CFF618}.Release|x86.Build.0 = Release|Any CPU
		{E8E7CAD4-A8F2-4B4B-B2EA-059EE476C489}.Debug|Any CPU.ActiveCfg = Debug|Any CPU
		{E8E7CAD4-A8F2-4B4B-B2EA-059EE476C489}.Debug|Any CPU.Build.0 = Debug|Any CPU
		{E8E7CAD4-A8F2-4B4B-B2EA-059EE476C489}.Debug|x64.ActiveCfg = Debug|Any CPU
		{E8E7CAD4-A8F2-4B4B-B2EA-059EE476C489}.Debug|x64.Build.0 = Debug|Any CPU
		{E8E7CAD4-A8F2-4B4B-B2EA-059EE476C489}.Debug|x86.ActiveCfg = Debug|Any CPU
		{E8E7CAD4-A8F2-4B4B-B2EA-059EE476C489}.Debug|x86.Build.0 = Debug|Any CPU
		{E8E7CAD4-A8F2-4B4B-B2EA-059EE476C489}.Release|Any CPU.ActiveCfg = Release|Any CPU
		{E8E7CAD4-A8F2-4B4B-B2EA-059EE476C489}.Release|Any CPU.Build.0 = Release|Any CPU
		{E8E7CAD4-A8F2-4B4B-B2EA-059EE476C489}.Release|x64.ActiveCfg = Release|Any CPU
		{E8E7CAD4-A8F2-4B4B-B2EA-059EE476C489}.Release|x64.Build.0 = Release|Any CPU
		{E8E7CAD4-A8F2-4B4B-B2EA-059EE476C489}.Release|x86.ActiveCfg = Release|Any CPU
		{E8E7CAD4-A8F2-4B4B-B2EA-059EE476C489}.Release|x86.Build.0 = Release|Any CPU
		{563487E1-ED76-4187-9053-386304E39C4C}.Debug|Any CPU.ActiveCfg = Debug|Any CPU
		{563487E1-ED76-4187-9053-386304E39C4C}.Debug|Any CPU.Build.0 = Debug|Any CPU
		{563487E1-ED76-4187-9053-386304E39C4C}.Debug|x64.ActiveCfg = Debug|Any CPU
		{563487E1-ED76-4187-9053-386304E39C4C}.Debug|x64.Build.0 = Debug|Any CPU
		{563487E1-ED76-4187-9053-386304E39C4C}.Debug|x86.ActiveCfg = Debug|Any CPU
		{563487E1-ED76-4187-9053-386304E39C4C}.Debug|x86.Build.0 = Debug|Any CPU
		{563487E1-ED76-4187-9053-386304E39C4C}.Release|Any CPU.ActiveCfg = Release|Any CPU
		{563487E1-ED76-4187-9053-386304E39C4C}.Release|Any CPU.Build.0 = Release|Any CPU
		{563487E1-ED76-4187-9053-386304E39C4C}.Release|x64.ActiveCfg = Release|Any CPU
		{563487E1-ED76-4187-9053-386304E39C4C}.Release|x64.Build.0 = Release|Any CPU
		{563487E1-ED76-4187-9053-386304E39C4C}.Release|x86.ActiveCfg = Release|Any CPU
		{563487E1-ED76-4187-9053-386304E39C4C}.Release|x86.Build.0 = Release|Any CPU
		{C6EEDAE4-55B5-4869-B312-1A4A1BC9FEE0}.Debug|Any CPU.ActiveCfg = Debug|Any CPU
		{C6EEDAE4-55B5-4869-B312-1A4A1BC9FEE0}.Debug|Any CPU.Build.0 = Debug|Any CPU
		{C6EEDAE4-55B5-4869-B312-1A4A1BC9FEE0}.Debug|x64.ActiveCfg = Debug|Any CPU
		{C6EEDAE4-55B5-4869-B312-1A4A1BC9FEE0}.Debug|x64.Build.0 = Debug|Any CPU
		{C6EEDAE4-55B5-4869-B312-1A4A1BC9FEE0}.Debug|x86.ActiveCfg = Debug|Any CPU
		{C6EEDAE4-55B5-4869-B312-1A4A1BC9FEE0}.Debug|x86.Build.0 = Debug|Any CPU
		{C6EEDAE4-55B5-4869-B312-1A4A1BC9FEE0}.Release|Any CPU.ActiveCfg = Release|Any CPU
		{C6EEDAE4-55B5-4869-B312-1A4A1BC9FEE0}.Release|Any CPU.Build.0 = Release|Any CPU
		{C6EEDAE4-55B5-4869-B312-1A4A1BC9FEE0}.Release|x64.ActiveCfg = Release|Any CPU
		{C6EEDAE4-55B5-4869-B312-1A4A1BC9FEE0}.Release|x64.Build.0 = Release|Any CPU
		{C6EEDAE4-55B5-4869-B312-1A4A1BC9FEE0}.Release|x86.ActiveCfg = Release|Any CPU
		{C6EEDAE4-55B5-4869-B312-1A4A1BC9FEE0}.Release|x86.Build.0 = Release|Any CPU
		{15649E3A-C4F8-4130-8C80-0FF26A18500F}.Debug|Any CPU.ActiveCfg = Debug|Any CPU
		{15649E3A-C4F8-4130-8C80-0FF26A18500F}.Debug|Any CPU.Build.0 = Debug|Any CPU
		{15649E3A-C4F8-4130-8C80-0FF26A18500F}.Debug|x64.ActiveCfg = Debug|Any CPU
		{15649E3A-C4F8-4130-8C80-0FF26A18500F}.Debug|x64.Build.0 = Debug|Any CPU
		{15649E3A-C4F8-4130-8C80-0FF26A18500F}.Debug|x86.ActiveCfg = Debug|Any CPU
		{15649E3A-C4F8-4130-8C80-0FF26A18500F}.Debug|x86.Build.0 = Debug|Any CPU
		{15649E3A-C4F8-4130-8C80-0FF26A18500F}.Release|Any CPU.ActiveCfg = Release|Any CPU
		{15649E3A-C4F8-4130-8C80-0FF26A18500F}.Release|Any CPU.Build.0 = Release|Any CPU
		{15649E3A-C4F8-4130-8C80-0FF26A18500F}.Release|x64.ActiveCfg = Release|Any CPU
		{15649E3A-C4F8-4130-8C80-0FF26A18500F}.Release|x64.Build.0 = Release|Any CPU
		{15649E3A-C4F8-4130-8C80-0FF26A18500F}.Release|x86.ActiveCfg = Release|Any CPU
		{15649E3A-C4F8-4130-8C80-0FF26A18500F}.Release|x86.Build.0 = Release|Any CPU
		{833CE1CA-E960-42A3-963A-674B003A837E}.Debug|Any CPU.ActiveCfg = Debug|Any CPU
		{833CE1CA-E960-42A3-963A-674B003A837E}.Debug|Any CPU.Build.0 = Debug|Any CPU
		{833CE1CA-E960-42A3-963A-674B003A837E}.Debug|x64.ActiveCfg = Debug|Any CPU
		{833CE1CA-E960-42A3-963A-674B003A837E}.Debug|x64.Build.0 = Debug|Any CPU
		{833CE1CA-E960-42A3-963A-674B003A837E}.Debug|x86.ActiveCfg = Debug|Any CPU
		{833CE1CA-E960-42A3-963A-674B003A837E}.Debug|x86.Build.0 = Debug|Any CPU
		{833CE1CA-E960-42A3-963A-674B003A837E}.Release|Any CPU.ActiveCfg = Release|Any CPU
		{833CE1CA-E960-42A3-963A-674B003A837E}.Release|Any CPU.Build.0 = Release|Any CPU
		{833CE1CA-E960-42A3-963A-674B003A837E}.Release|x64.ActiveCfg = Release|Any CPU
		{833CE1CA-E960-42A3-963A-674B003A837E}.Release|x64.Build.0 = Release|Any CPU
		{833CE1CA-E960-42A3-963A-674B003A837E}.Release|x86.ActiveCfg = Release|Any CPU
		{833CE1CA-E960-42A3-963A-674B003A837E}.Release|x86.Build.0 = Release|Any CPU
		{3715409E-EB58-478F-ADF7-A9B5D702C6E2}.Debug|Any CPU.ActiveCfg = Debug|Any CPU
		{3715409E-EB58-478F-ADF7-A9B5D702C6E2}.Debug|Any CPU.Build.0 = Debug|Any CPU
		{3715409E-EB58-478F-ADF7-A9B5D702C6E2}.Debug|x64.ActiveCfg = Debug|Any CPU
		{3715409E-EB58-478F-ADF7-A9B5D702C6E2}.Debug|x64.Build.0 = Debug|Any CPU
		{3715409E-EB58-478F-ADF7-A9B5D702C6E2}.Debug|x86.ActiveCfg = Debug|Any CPU
		{3715409E-EB58-478F-ADF7-A9B5D702C6E2}.Debug|x86.Build.0 = Debug|Any CPU
		{3715409E-EB58-478F-ADF7-A9B5D702C6E2}.Release|Any CPU.ActiveCfg = Release|Any CPU
		{3715409E-EB58-478F-ADF7-A9B5D702C6E2}.Release|Any CPU.Build.0 = Release|Any CPU
		{3715409E-EB58-478F-ADF7-A9B5D702C6E2}.Release|x64.ActiveCfg = Release|Any CPU
		{3715409E-EB58-478F-ADF7-A9B5D702C6E2}.Release|x64.Build.0 = Release|Any CPU
		{3715409E-EB58-478F-ADF7-A9B5D702C6E2}.Release|x86.ActiveCfg = Release|Any CPU
		{3715409E-EB58-478F-ADF7-A9B5D702C6E2}.Release|x86.Build.0 = Release|Any CPU
		{B7892F63-14A4-4073-8E89-DCEB26CD9611}.Debug|Any CPU.ActiveCfg = Debug|Any CPU
		{B7892F63-14A4-4073-8E89-DCEB26CD9611}.Debug|Any CPU.Build.0 = Debug|Any CPU
		{B7892F63-14A4-4073-8E89-DCEB26CD9611}.Debug|x64.ActiveCfg = Debug|Any CPU
		{B7892F63-14A4-4073-8E89-DCEB26CD9611}.Debug|x64.Build.0 = Debug|Any CPU
		{B7892F63-14A4-4073-8E89-DCEB26CD9611}.Debug|x86.ActiveCfg = Debug|Any CPU
		{B7892F63-14A4-4073-8E89-DCEB26CD9611}.Debug|x86.Build.0 = Debug|Any CPU
		{B7892F63-14A4-4073-8E89-DCEB26CD9611}.Release|Any CPU.ActiveCfg = Release|Any CPU
		{B7892F63-14A4-4073-8E89-DCEB26CD9611}.Release|Any CPU.Build.0 = Release|Any CPU
		{B7892F63-14A4-4073-8E89-DCEB26CD9611}.Release|x64.ActiveCfg = Release|Any CPU
		{B7892F63-14A4-4073-8E89-DCEB26CD9611}.Release|x64.Build.0 = Release|Any CPU
		{B7892F63-14A4-4073-8E89-DCEB26CD9611}.Release|x86.ActiveCfg = Release|Any CPU
		{B7892F63-14A4-4073-8E89-DCEB26CD9611}.Release|x86.Build.0 = Release|Any CPU
		{61F71E17-A43A-4885-BE7D-65820221981B}.Debug|Any CPU.ActiveCfg = Debug|Any CPU
		{61F71E17-A43A-4885-BE7D-65820221981B}.Debug|Any CPU.Build.0 = Debug|Any CPU
		{61F71E17-A43A-4885-BE7D-65820221981B}.Debug|x64.ActiveCfg = Debug|Any CPU
		{61F71E17-A43A-4885-BE7D-65820221981B}.Debug|x64.Build.0 = Debug|Any CPU
		{61F71E17-A43A-4885-BE7D-65820221981B}.Debug|x86.ActiveCfg = Debug|Any CPU
		{61F71E17-A43A-4885-BE7D-65820221981B}.Debug|x86.Build.0 = Debug|Any CPU
		{61F71E17-A43A-4885-BE7D-65820221981B}.Release|Any CPU.ActiveCfg = Release|Any CPU
		{61F71E17-A43A-4885-BE7D-65820221981B}.Release|Any CPU.Build.0 = Release|Any CPU
		{61F71E17-A43A-4885-BE7D-65820221981B}.Release|x64.ActiveCfg = Release|Any CPU
		{61F71E17-A43A-4885-BE7D-65820221981B}.Release|x64.Build.0 = Release|Any CPU
		{61F71E17-A43A-4885-BE7D-65820221981B}.Release|x86.ActiveCfg = Release|Any CPU
		{61F71E17-A43A-4885-BE7D-65820221981B}.Release|x86.Build.0 = Release|Any CPU
		{01250388-757E-4488-B0E3-E0D681B66773}.Debug|Any CPU.ActiveCfg = Debug|Any CPU
		{01250388-757E-4488-B0E3-E0D681B66773}.Debug|Any CPU.Build.0 = Debug|Any CPU
		{01250388-757E-4488-B0E3-E0D681B66773}.Debug|x64.ActiveCfg = Debug|Any CPU
		{01250388-757E-4488-B0E3-E0D681B66773}.Debug|x64.Build.0 = Debug|Any CPU
		{01250388-757E-4488-B0E3-E0D681B66773}.Debug|x86.ActiveCfg = Debug|Any CPU
		{01250388-757E-4488-B0E3-E0D681B66773}.Debug|x86.Build.0 = Debug|Any CPU
		{01250388-757E-4488-B0E3-E0D681B66773}.Release|Any CPU.ActiveCfg = Release|Any CPU
		{01250388-757E-4488-B0E3-E0D681B66773}.Release|Any CPU.Build.0 = Release|Any CPU
		{01250388-757E-4488-B0E3-E0D681B66773}.Release|x64.ActiveCfg = Release|Any CPU
		{01250388-757E-4488-B0E3-E0D681B66773}.Release|x64.Build.0 = Release|Any CPU
		{01250388-757E-4488-B0E3-E0D681B66773}.Release|x86.ActiveCfg = Release|Any CPU
		{01250388-757E-4488-B0E3-E0D681B66773}.Release|x86.Build.0 = Release|Any CPU
		{6BAA381D-8052-4392-922C-7A25E9D479BC}.Debug|Any CPU.ActiveCfg = Debug|Any CPU
		{6BAA381D-8052-4392-922C-7A25E9D479BC}.Debug|Any CPU.Build.0 = Debug|Any CPU
		{6BAA381D-8052-4392-922C-7A25E9D479BC}.Debug|x64.ActiveCfg = Debug|Any CPU
		{6BAA381D-8052-4392-922C-7A25E9D479BC}.Debug|x64.Build.0 = Debug|Any CPU
		{6BAA381D-8052-4392-922C-7A25E9D479BC}.Debug|x86.ActiveCfg = Debug|Any CPU
		{6BAA381D-8052-4392-922C-7A25E9D479BC}.Debug|x86.Build.0 = Debug|Any CPU
		{6BAA381D-8052-4392-922C-7A25E9D479BC}.Release|Any CPU.ActiveCfg = Release|Any CPU
		{6BAA381D-8052-4392-922C-7A25E9D479BC}.Release|Any CPU.Build.0 = Release|Any CPU
		{6BAA381D-8052-4392-922C-7A25E9D479BC}.Release|x64.ActiveCfg = Release|Any CPU
		{6BAA381D-8052-4392-922C-7A25E9D479BC}.Release|x64.Build.0 = Release|Any CPU
		{6BAA381D-8052-4392-922C-7A25E9D479BC}.Release|x86.ActiveCfg = Release|Any CPU
		{6BAA381D-8052-4392-922C-7A25E9D479BC}.Release|x86.Build.0 = Release|Any CPU
		{79B9340B-CFD8-40D7-BAE7-78F71A841D42}.Debug|Any CPU.ActiveCfg = Debug|Any CPU
		{79B9340B-CFD8-40D7-BAE7-78F71A841D42}.Debug|Any CPU.Build.0 = Debug|Any CPU
		{79B9340B-CFD8-40D7-BAE7-78F71A841D42}.Debug|x64.ActiveCfg = Debug|Any CPU
		{79B9340B-CFD8-40D7-BAE7-78F71A841D42}.Debug|x64.Build.0 = Debug|Any CPU
		{79B9340B-CFD8-40D7-BAE7-78F71A841D42}.Debug|x86.ActiveCfg = Debug|Any CPU
		{79B9340B-CFD8-40D7-BAE7-78F71A841D42}.Debug|x86.Build.0 = Debug|Any CPU
		{79B9340B-CFD8-40D7-BAE7-78F71A841D42}.Release|Any CPU.ActiveCfg = Release|Any CPU
		{79B9340B-CFD8-40D7-BAE7-78F71A841D42}.Release|Any CPU.Build.0 = Release|Any CPU
		{79B9340B-CFD8-40D7-BAE7-78F71A841D42}.Release|x64.ActiveCfg = Release|Any CPU
		{79B9340B-CFD8-40D7-BAE7-78F71A841D42}.Release|x64.Build.0 = Release|Any CPU
		{79B9340B-CFD8-40D7-BAE7-78F71A841D42}.Release|x86.ActiveCfg = Release|Any CPU
		{79B9340B-CFD8-40D7-BAE7-78F71A841D42}.Release|x86.Build.0 = Release|Any CPU
		{DD46097C-C0F6-47C7-A39A-368BEF41B00F}.Debug|Any CPU.ActiveCfg = Debug|Any CPU
		{DD46097C-C0F6-47C7-A39A-368BEF41B00F}.Debug|Any CPU.Build.0 = Debug|Any CPU
		{DD46097C-C0F6-47C7-A39A-368BEF41B00F}.Debug|x64.ActiveCfg = Debug|Any CPU
		{DD46097C-C0F6-47C7-A39A-368BEF41B00F}.Debug|x64.Build.0 = Debug|Any CPU
		{DD46097C-C0F6-47C7-A39A-368BEF41B00F}.Debug|x86.ActiveCfg = Debug|Any CPU
		{DD46097C-C0F6-47C7-A39A-368BEF41B00F}.Debug|x86.Build.0 = Debug|Any CPU
		{DD46097C-C0F6-47C7-A39A-368BEF41B00F}.Release|Any CPU.ActiveCfg = Release|Any CPU
		{DD46097C-C0F6-47C7-A39A-368BEF41B00F}.Release|Any CPU.Build.0 = Release|Any CPU
		{DD46097C-C0F6-47C7-A39A-368BEF41B00F}.Release|x64.ActiveCfg = Release|Any CPU
		{DD46097C-C0F6-47C7-A39A-368BEF41B00F}.Release|x64.Build.0 = Release|Any CPU
		{DD46097C-C0F6-47C7-A39A-368BEF41B00F}.Release|x86.ActiveCfg = Release|Any CPU
		{DD46097C-C0F6-47C7-A39A-368BEF41B00F}.Release|x86.Build.0 = Release|Any CPU
		{E9C99047-AE72-45BD-95AE-1389B43BBC79}.Debug|Any CPU.ActiveCfg = Debug|Any CPU
		{E9C99047-AE72-45BD-95AE-1389B43BBC79}.Debug|Any CPU.Build.0 = Debug|Any CPU
		{E9C99047-AE72-45BD-95AE-1389B43BBC79}.Debug|x64.ActiveCfg = Debug|Any CPU
		{E9C99047-AE72-45BD-95AE-1389B43BBC79}.Debug|x64.Build.0 = Debug|Any CPU
		{E9C99047-AE72-45BD-95AE-1389B43BBC79}.Debug|x86.ActiveCfg = Debug|Any CPU
		{E9C99047-AE72-45BD-95AE-1389B43BBC79}.Debug|x86.Build.0 = Debug|Any CPU
		{E9C99047-AE72-45BD-95AE-1389B43BBC79}.Release|Any CPU.ActiveCfg = Release|Any CPU
		{E9C99047-AE72-45BD-95AE-1389B43BBC79}.Release|Any CPU.Build.0 = Release|Any CPU
		{E9C99047-AE72-45BD-95AE-1389B43BBC79}.Release|x64.ActiveCfg = Release|Any CPU
		{E9C99047-AE72-45BD-95AE-1389B43BBC79}.Release|x64.Build.0 = Release|Any CPU
		{E9C99047-AE72-45BD-95AE-1389B43BBC79}.Release|x86.ActiveCfg = Release|Any CPU
		{E9C99047-AE72-45BD-95AE-1389B43BBC79}.Release|x86.Build.0 = Release|Any CPU
		{C10E77FF-A078-4469-86A6-1FF6656B2FFE}.Debug|Any CPU.ActiveCfg = Debug|Any CPU
		{C10E77FF-A078-4469-86A6-1FF6656B2FFE}.Debug|Any CPU.Build.0 = Debug|Any CPU
		{C10E77FF-A078-4469-86A6-1FF6656B2FFE}.Debug|x64.ActiveCfg = Debug|Any CPU
		{C10E77FF-A078-4469-86A6-1FF6656B2FFE}.Debug|x64.Build.0 = Debug|Any CPU
		{C10E77FF-A078-4469-86A6-1FF6656B2FFE}.Debug|x86.ActiveCfg = Debug|Any CPU
		{C10E77FF-A078-4469-86A6-1FF6656B2FFE}.Debug|x86.Build.0 = Debug|Any CPU
		{C10E77FF-A078-4469-86A6-1FF6656B2FFE}.Release|Any CPU.ActiveCfg = Release|Any CPU
		{C10E77FF-A078-4469-86A6-1FF6656B2FFE}.Release|Any CPU.Build.0 = Release|Any CPU
		{C10E77FF-A078-4469-86A6-1FF6656B2FFE}.Release|x64.ActiveCfg = Release|Any CPU
		{C10E77FF-A078-4469-86A6-1FF6656B2FFE}.Release|x64.Build.0 = Release|Any CPU
		{C10E77FF-A078-4469-86A6-1FF6656B2FFE}.Release|x86.ActiveCfg = Release|Any CPU
		{C10E77FF-A078-4469-86A6-1FF6656B2FFE}.Release|x86.Build.0 = Release|Any CPU
		{937532CD-0829-4868-A77C-962D340EADC0}.Debug|Any CPU.ActiveCfg = Debug|Any CPU
		{937532CD-0829-4868-A77C-962D340EADC0}.Debug|Any CPU.Build.0 = Debug|Any CPU
		{937532CD-0829-4868-A77C-962D340EADC0}.Debug|x64.ActiveCfg = Debug|Any CPU
		{937532CD-0829-4868-A77C-962D340EADC0}.Debug|x64.Build.0 = Debug|Any CPU
		{937532CD-0829-4868-A77C-962D340EADC0}.Debug|x86.ActiveCfg = Debug|Any CPU
		{937532CD-0829-4868-A77C-962D340EADC0}.Debug|x86.Build.0 = Debug|Any CPU
		{937532CD-0829-4868-A77C-962D340EADC0}.Release|Any CPU.ActiveCfg = Release|Any CPU
		{937532CD-0829-4868-A77C-962D340EADC0}.Release|Any CPU.Build.0 = Release|Any CPU
		{937532CD-0829-4868-A77C-962D340EADC0}.Release|x64.ActiveCfg = Release|Any CPU
		{937532CD-0829-4868-A77C-962D340EADC0}.Release|x64.Build.0 = Release|Any CPU
		{937532CD-0829-4868-A77C-962D340EADC0}.Release|x86.ActiveCfg = Release|Any CPU
		{937532CD-0829-4868-A77C-962D340EADC0}.Release|x86.Build.0 = Release|Any CPU
		{95A30F05-B069-4C98-BAB8-4E4FDBD20FA4}.Debug|Any CPU.ActiveCfg = Debug|Any CPU
		{95A30F05-B069-4C98-BAB8-4E4FDBD20FA4}.Debug|Any CPU.Build.0 = Debug|Any CPU
		{95A30F05-B069-4C98-BAB8-4E4FDBD20FA4}.Debug|x64.ActiveCfg = Debug|Any CPU
		{95A30F05-B069-4C98-BAB8-4E4FDBD20FA4}.Debug|x64.Build.0 = Debug|Any CPU
		{95A30F05-B069-4C98-BAB8-4E4FDBD20FA4}.Debug|x86.ActiveCfg = Debug|Any CPU
		{95A30F05-B069-4C98-BAB8-4E4FDBD20FA4}.Debug|x86.Build.0 = Debug|Any CPU
		{95A30F05-B069-4C98-BAB8-4E4FDBD20FA4}.Release|Any CPU.ActiveCfg = Release|Any CPU
		{95A30F05-B069-4C98-BAB8-4E4FDBD20FA4}.Release|Any CPU.Build.0 = Release|Any CPU
		{95A30F05-B069-4C98-BAB8-4E4FDBD20FA4}.Release|x64.ActiveCfg = Release|Any CPU
		{95A30F05-B069-4C98-BAB8-4E4FDBD20FA4}.Release|x64.Build.0 = Release|Any CPU
		{95A30F05-B069-4C98-BAB8-4E4FDBD20FA4}.Release|x86.ActiveCfg = Release|Any CPU
		{95A30F05-B069-4C98-BAB8-4E4FDBD20FA4}.Release|x86.Build.0 = Release|Any CPU
		{37FC79B4-EA50-41F9-B2E2-8F25F83EBE6B}.Debug|Any CPU.ActiveCfg = Debug|Any CPU
		{37FC79B4-EA50-41F9-B2E2-8F25F83EBE6B}.Debug|Any CPU.Build.0 = Debug|Any CPU
		{37FC79B4-EA50-41F9-B2E2-8F25F83EBE6B}.Debug|x64.ActiveCfg = Debug|Any CPU
		{37FC79B4-EA50-41F9-B2E2-8F25F83EBE6B}.Debug|x64.Build.0 = Debug|Any CPU
		{37FC79B4-EA50-41F9-B2E2-8F25F83EBE6B}.Debug|x86.ActiveCfg = Debug|Any CPU
		{37FC79B4-EA50-41F9-B2E2-8F25F83EBE6B}.Debug|x86.Build.0 = Debug|Any CPU
		{37FC79B4-EA50-41F9-B2E2-8F25F83EBE6B}.Release|Any CPU.ActiveCfg = Release|Any CPU
		{37FC79B4-EA50-41F9-B2E2-8F25F83EBE6B}.Release|Any CPU.Build.0 = Release|Any CPU
		{37FC79B4-EA50-41F9-B2E2-8F25F83EBE6B}.Release|x64.ActiveCfg = Release|Any CPU
		{37FC79B4-EA50-41F9-B2E2-8F25F83EBE6B}.Release|x64.Build.0 = Release|Any CPU
		{37FC79B4-EA50-41F9-B2E2-8F25F83EBE6B}.Release|x86.ActiveCfg = Release|Any CPU
		{37FC79B4-EA50-41F9-B2E2-8F25F83EBE6B}.Release|x86.Build.0 = Release|Any CPU
		{40F595C4-202E-499F-B80B-E9B9B5431DE1}.Debug|Any CPU.ActiveCfg = Debug|Any CPU
		{40F595C4-202E-499F-B80B-E9B9B5431DE1}.Debug|Any CPU.Build.0 = Debug|Any CPU
		{40F595C4-202E-499F-B80B-E9B9B5431DE1}.Debug|x64.ActiveCfg = Debug|Any CPU
		{40F595C4-202E-499F-B80B-E9B9B5431DE1}.Debug|x64.Build.0 = Debug|Any CPU
		{40F595C4-202E-499F-B80B-E9B9B5431DE1}.Debug|x86.ActiveCfg = Debug|Any CPU
		{40F595C4-202E-499F-B80B-E9B9B5431DE1}.Debug|x86.Build.0 = Debug|Any CPU
		{40F595C4-202E-499F-B80B-E9B9B5431DE1}.Release|Any CPU.ActiveCfg = Release|Any CPU
		{40F595C4-202E-499F-B80B-E9B9B5431DE1}.Release|Any CPU.Build.0 = Release|Any CPU
		{40F595C4-202E-499F-B80B-E9B9B5431DE1}.Release|x64.ActiveCfg = Release|Any CPU
		{40F595C4-202E-499F-B80B-E9B9B5431DE1}.Release|x64.Build.0 = Release|Any CPU
		{40F595C4-202E-499F-B80B-E9B9B5431DE1}.Release|x86.ActiveCfg = Release|Any CPU
		{40F595C4-202E-499F-B80B-E9B9B5431DE1}.Release|x86.Build.0 = Release|Any CPU
		{1279BE28-A64A-4E12-B974-2603376E8EFB}.Debug|Any CPU.ActiveCfg = Debug|Any CPU
		{1279BE28-A64A-4E12-B974-2603376E8EFB}.Debug|Any CPU.Build.0 = Debug|Any CPU
		{1279BE28-A64A-4E12-B974-2603376E8EFB}.Debug|x64.ActiveCfg = Debug|Any CPU
		{1279BE28-A64A-4E12-B974-2603376E8EFB}.Debug|x64.Build.0 = Debug|Any CPU
		{1279BE28-A64A-4E12-B974-2603376E8EFB}.Debug|x86.ActiveCfg = Debug|Any CPU
		{1279BE28-A64A-4E12-B974-2603376E8EFB}.Debug|x86.Build.0 = Debug|Any CPU
		{1279BE28-A64A-4E12-B974-2603376E8EFB}.Release|Any CPU.ActiveCfg = Release|Any CPU
		{1279BE28-A64A-4E12-B974-2603376E8EFB}.Release|Any CPU.Build.0 = Release|Any CPU
		{1279BE28-A64A-4E12-B974-2603376E8EFB}.Release|x64.ActiveCfg = Release|Any CPU
		{1279BE28-A64A-4E12-B974-2603376E8EFB}.Release|x64.Build.0 = Release|Any CPU
		{1279BE28-A64A-4E12-B974-2603376E8EFB}.Release|x86.ActiveCfg = Release|Any CPU
		{1279BE28-A64A-4E12-B974-2603376E8EFB}.Release|x86.Build.0 = Release|Any CPU
		{1552434F-1DDB-4826-B6D9-2C5FF56028D0}.Debug|Any CPU.ActiveCfg = Debug|Any CPU
		{1552434F-1DDB-4826-B6D9-2C5FF56028D0}.Debug|Any CPU.Build.0 = Debug|Any CPU
		{1552434F-1DDB-4826-B6D9-2C5FF56028D0}.Debug|x64.ActiveCfg = Debug|Any CPU
		{1552434F-1DDB-4826-B6D9-2C5FF56028D0}.Debug|x64.Build.0 = Debug|Any CPU
		{1552434F-1DDB-4826-B6D9-2C5FF56028D0}.Debug|x86.ActiveCfg = Debug|Any CPU
		{1552434F-1DDB-4826-B6D9-2C5FF56028D0}.Debug|x86.Build.0 = Debug|Any CPU
		{1552434F-1DDB-4826-B6D9-2C5FF56028D0}.Release|Any CPU.ActiveCfg = Release|Any CPU
		{1552434F-1DDB-4826-B6D9-2C5FF56028D0}.Release|Any CPU.Build.0 = Release|Any CPU
		{1552434F-1DDB-4826-B6D9-2C5FF56028D0}.Release|x64.ActiveCfg = Release|Any CPU
		{1552434F-1DDB-4826-B6D9-2C5FF56028D0}.Release|x64.Build.0 = Release|Any CPU
		{1552434F-1DDB-4826-B6D9-2C5FF56028D0}.Release|x86.ActiveCfg = Release|Any CPU
		{1552434F-1DDB-4826-B6D9-2C5FF56028D0}.Release|x86.Build.0 = Release|Any CPU
		{634F528B-C4B3-4AEB-9F28-BFE9F967338E}.Debug|Any CPU.ActiveCfg = Debug|Any CPU
		{634F528B-C4B3-4AEB-9F28-BFE9F967338E}.Debug|Any CPU.Build.0 = Debug|Any CPU
		{634F528B-C4B3-4AEB-9F28-BFE9F967338E}.Debug|x64.ActiveCfg = Debug|Any CPU
		{634F528B-C4B3-4AEB-9F28-BFE9F967338E}.Debug|x64.Build.0 = Debug|Any CPU
		{634F528B-C4B3-4AEB-9F28-BFE9F967338E}.Debug|x86.ActiveCfg = Debug|Any CPU
		{634F528B-C4B3-4AEB-9F28-BFE9F967338E}.Debug|x86.Build.0 = Debug|Any CPU
		{634F528B-C4B3-4AEB-9F28-BFE9F967338E}.Release|Any CPU.ActiveCfg = Release|Any CPU
		{634F528B-C4B3-4AEB-9F28-BFE9F967338E}.Release|Any CPU.Build.0 = Release|Any CPU
		{634F528B-C4B3-4AEB-9F28-BFE9F967338E}.Release|x64.ActiveCfg = Release|Any CPU
		{634F528B-C4B3-4AEB-9F28-BFE9F967338E}.Release|x64.Build.0 = Release|Any CPU
		{634F528B-C4B3-4AEB-9F28-BFE9F967338E}.Release|x86.ActiveCfg = Release|Any CPU
		{634F528B-C4B3-4AEB-9F28-BFE9F967338E}.Release|x86.Build.0 = Release|Any CPU
	EndGlobalSection
	GlobalSection(SolutionProperties) = preSolution
		HideSolutionNode = FALSE
	EndGlobalSection
	GlobalSection(ExtensibilityGlobals) = postSolution
		SolutionGuid = {EE7A3E47-374D-46A4-B6F8-77AB1090C9C1}
	EndGlobalSection
EndGlobal
